
Microsoft Visual Studio Solution File, Format Version 12.00
# Visual Studio Version 17
VisualStudioVersion = 17.0.31903.59
MinimumVisualStudioVersion = 10.0.40219.1
Project("{FAE04EC0-301F-11D3-BF4B-00C04F79EFBC}") = "HPD-Agent", "HPD-Agent\HPD-Agent.csproj", "{028CF679-8342-45E5-A8D4-CF864D45F306}"
EndProject
Project("{FAE04EC0-301F-11D3-BF4B-00C04F79EFBC}") = "HPD-Agent.SourceGenerator", "HPD-Agent.SourceGenerator\HPD-Agent.SourceGenerator.csproj", "{9FCFCF82-797E-4BD0-A51A-F2E8F68B7636}"
EndProject
Project("{FAE04EC0-301F-11D3-BF4B-00C04F79EFBC}") = "HPD-Agent.TextExtraction", "HPD-Agent.TextExtraction\HPD-Agent.TextExtraction.csproj", "{FAA62D9F-DD0B-457B-89CB-C65E6CBAA83F}"
EndProject
Project("{FAE04EC0-301F-11D3-BF4B-00C04F79EFBC}") = "HPD-Agent.MCP", "HPD-Agent.MCP\HPD-Agent.MCP.csproj", "{A1B2C3D4-E5F6-4A7B-8C9D-0E1F2A3B4C5D}"
EndProject
Project("{2150E333-8FDC-42A3-9474-1A3956D46DE8}") = "HPD-Agent.Tools", "HPD-Agent.Tools", "{DA053773-4718-BBFE-4AB7-9E4FCE55BF84}"
EndProject
Project("{FAE04EC0-301F-11D3-BF4B-00C04F79EFBC}") = "HPD-Agent.Tools.FileSystem", "HPD-Agent.Tools\HPD-Agent.Tools.FileSystem\HPD-Agent.Tools.FileSystem.csproj", "{DB341036-1919-4305-A8D1-0BFC4FDB945C}"
EndProject
Project("{2150E333-8FDC-42A3-9474-1A3956D46DE8}") = "HPD-Agent.Providers", "HPD-Agent.Providers", "{8BC2D7F8-375B-160C-ABF4-2068149162CA}"
EndProject
Project("{FAE04EC0-301F-11D3-BF4B-00C04F79EFBC}") = "HPD-Agent.Providers.OpenAI", "HPD-Agent.Providers\HPD-Agent.Providers.OpenAI\HPD-Agent.Providers.OpenAI.csproj", "{3DF8747C-22F6-435D-8058-9F8DD9B3C167}"
EndProject
Project("{FAE04EC0-301F-11D3-BF4B-00C04F79EFBC}") = "HPD-Agent.Providers.Anthropic", "HPD-Agent.Providers\HPD-Agent.Providers.Anthropic\HPD-Agent.Providers.Anthropic.csproj", "{C57CF287-73E3-4ECE-AB3B-0138CCD2ADE1}"
EndProject
Project("{FAE04EC0-301F-11D3-BF4B-00C04F79EFBC}") = "HPD-Agent.Providers.Ollama", "HPD-Agent.Providers\HPD-Agent.Providers.Ollama\HPD-Agent.Providers.Ollama.csproj", "{C5E0DA50-1FA1-4D1E-A5AA-C042E553B21C}"
EndProject
Project("{FAE04EC0-301F-11D3-BF4B-00C04F79EFBC}") = "HPD-Agent.Providers.GoogleAI", "HPD-Agent.Providers\HPD-Agent.Providers.GoogleAI\HPD-Agent.Providers.GoogleAI.csproj", "{5DCA40A0-B7E8-4B38-8308-B91A4D294E07}"
EndProject
Project("{FAE04EC0-301F-11D3-BF4B-00C04F79EFBC}") = "HPD-Agent.Providers.Mistral", "HPD-Agent.Providers\HPD-Agent.Providers.Mistral\HPD-Agent.Providers.Mistral.csproj", "{7A08A2F6-6C2B-4769-8261-30ABF64B863F}"
EndProject
Project("{FAE04EC0-301F-11D3-BF4B-00C04F79EFBC}") = "HPD-Agent.Providers.HuggingFace", "HPD-Agent.Providers\HPD-Agent.Providers.HuggingFace\HPD-Agent.Providers.HuggingFace.csproj", "{B39363CF-D250-4E4E-A0CB-C20EDEBBCFCB}"
EndProject
Project("{FAE04EC0-301F-11D3-BF4B-00C04F79EFBC}") = "HPD-Agent.Providers.Bedrock", "HPD-Agent.Providers\HPD-Agent.Providers.Bedrock\HPD-Agent.Providers.Bedrock.csproj", "{0F240660-192B-4A37-810D-96EC62F06289}"
EndProject
Project("{FAE04EC0-301F-11D3-BF4B-00C04F79EFBC}") = "HPD-Agent.Providers.AzureAIInference", "HPD-Agent.Providers\HPD-Agent.Providers.AzureAIInference\HPD-Agent.Providers.AzureAIInference.csproj", "{31861751-0EBA-4A01-96E8-9B9D598DD5E1}"
EndProject
Project("{FAE04EC0-301F-11D3-BF4B-00C04F79EFBC}") = "HPD-Agent.Providers.OnnxRuntime", "HPD-Agent.Providers\HPD-Agent.Providers.OnnxRuntime\HPD-Agent.Providers.OnnxRuntime.csproj", "{7A682B30-C481-4E7B-AB11-9E3C16334C9C}"
EndProject
Project("{FAE04EC0-301F-11D3-BF4B-00C04F79EFBC}") = "HPD-Agent.Providers.OpenRouter", "HPD-Agent.Providers\HPD-Agent.Providers.OpenRouter\HPD-Agent.Providers.OpenRouter.csproj", "{C0A57D6F-3CD6-4C07-8D91-A08F01991591}"
EndProject
Project("{FAE04EC0-301F-11D3-BF4B-00C04F79EFBC}") = "HPD-Agent.ServiceDefaults", "HPD-Agent.ServiceDefaults\HPD-Agent.ServiceDefaults.csproj", "{9A8B7C6D-5E4F-3A2B-1C0D-9E8F7A6B5C4D}"
EndProject
Project("{FAE04EC0-301F-11D3-BF4B-00C04F79EFBC}") = "HPD-Agent.AppHost", "HPD-Agent.AppHost\HPD-Agent.AppHost.csproj", "{8B7A6C5D-4E3F-2A1B-0C9D-8E7F6A5B4C3D}"
EndProject
Project("{2150E333-8FDC-42A3-9474-1A3956D46DE8}") = "test", "test", "{0C88DD14-F956-CE84-757C-A364CCF449FC}"
EndProject
Project("{FAE04EC0-301F-11D3-BF4B-00C04F79EFBC}") = "AgentConsoleTest", "test\AgentConsoleTest\AgentConsoleTest.csproj", "{A3FA071B-DF96-4C64-8672-BE9695D897CC}"
EndProject
Project("{FAE04EC0-301F-11D3-BF4B-00C04F79EFBC}") = "HPD-Agent.Memory", "HPD-Agent.Memory\HPD-Agent.Memory.csproj", "{7415F7AC-4BAE-44E6-B3E8-41701578EA22}"
EndProject
Project("{2150E333-8FDC-42A3-9474-1A3956D46DE8}") = "AgentWebTest", "AgentWebTest", "{31F18773-9844-6384-810A-1250F6C000ED}"
EndProject
Project("{FAE04EC0-301F-11D3-BF4B-00C04F79EFBC}") = "AgentAPI", "test\AgentWebTest\AgentAPI\AgentAPI.csproj", "{CCF66A9F-8C83-45EB-A9B1-A926EC0901EC}"
EndProject
Project("{FAE04EC0-301F-11D3-BF4B-00C04F79EFBC}") = "HPD-Agent.Tools.WebSearch", "HPD-Agent.Tools\HPD-Agent.Tools.WebSearch\HPD-Agent.Tools.WebSearch.csproj", "{B479B926-7F13-4AED-8B88-90658DD8F0F9}"
EndProject
Project("{FAE04EC0-301F-11D3-BF4B-00C04F79EFBC}") = "HPD-Agent.FFI", "HPD-Agent.FFI\HPD-Agent.FFI.csproj", "{FA199B73-7082-4F26-AD52-F33BD1BAE9ED}"
EndProject
Project("{FAE04EC0-301F-11D3-BF4B-00C04F79EFBC}") = "HPD-Agent.Tests", "test\HPD-Agent.Tests\HPD-Agent.Tests.csproj", "{531C83FC-D724-4FF4-8543-2DA397863530}"
EndProject
Project("{2150E333-8FDC-42A3-9474-1A3956D46DE8}") = "HPD-Agent.Audio", "HPD-Agent.Audio", "{E1A2B3C4-D5E6-4F7A-8B9C-0D1E2F3A4B5C}"
EndProject
Project("{FAE04EC0-301F-11D3-BF4B-00C04F79EFBC}") = "HPD-Agent.Audio", "HPD-Agent.Audio\HPD-Agent.Audio\HPD-Agent.Audio.csproj", "{A1B2C3D4-5E6F-7A8B-9C0D-1E2F3A4B5C6D}"
EndProject
Project("{FAE04EC0-301F-11D3-BF4B-00C04F79EFBC}") = "HPD-Agent.AudioProviders.OpenAI", "HPD-Agent.Audio\HPD-Agent.AudioProviders.OpenAI\HPD-Agent.AudioProviders.OpenAI.csproj", "{B2C3D4E5-6F7A-8B9C-0D1E-2F3A4B5C6D7E}"
EndProject
Global
	GlobalSection(SolutionConfigurationPlatforms) = preSolution
		Debug|Any CPU = Debug|Any CPU
		Debug|x64 = Debug|x64
		Debug|x86 = Debug|x86
		Release|Any CPU = Release|Any CPU
		Release|x64 = Release|x64
		Release|x86 = Release|x86
	EndGlobalSection
	GlobalSection(ProjectConfigurationPlatforms) = postSolution
		{028CF679-8342-45E5-A8D4-CF864D45F306}.Debug|Any CPU.ActiveCfg = Debug|Any CPU
		{028CF679-8342-45E5-A8D4-CF864D45F306}.Debug|Any CPU.Build.0 = Debug|Any CPU
		{028CF679-8342-45E5-A8D4-CF864D45F306}.Debug|x64.ActiveCfg = Debug|Any CPU
		{028CF679-8342-45E5-A8D4-CF864D45F306}.Debug|x64.Build.0 = Debug|Any CPU
		{028CF679-8342-45E5-A8D4-CF864D45F306}.Debug|x86.ActiveCfg = Debug|Any CPU
		{028CF679-8342-45E5-A8D4-CF864D45F306}.Debug|x86.Build.0 = Debug|Any CPU
		{028CF679-8342-45E5-A8D4-CF864D45F306}.Release|Any CPU.ActiveCfg = Release|Any CPU
		{028CF679-8342-45E5-A8D4-CF864D45F306}.Release|Any CPU.Build.0 = Release|Any CPU
		{028CF679-8342-45E5-A8D4-CF864D45F306}.Release|x64.ActiveCfg = Release|Any CPU
		{028CF679-8342-45E5-A8D4-CF864D45F306}.Release|x64.Build.0 = Release|Any CPU
		{028CF679-8342-45E5-A8D4-CF864D45F306}.Release|x86.ActiveCfg = Release|Any CPU
		{028CF679-8342-45E5-A8D4-CF864D45F306}.Release|x86.Build.0 = Release|Any CPU
		{9FCFCF82-797E-4BD0-A51A-F2E8F68B7636}.Debug|Any CPU.ActiveCfg = Debug|Any CPU
		{9FCFCF82-797E-4BD0-A51A-F2E8F68B7636}.Debug|Any CPU.Build.0 = Debug|Any CPU
		{9FCFCF82-797E-4BD0-A51A-F2E8F68B7636}.Debug|x64.ActiveCfg = Debug|Any CPU
		{9FCFCF82-797E-4BD0-A51A-F2E8F68B7636}.Debug|x64.Build.0 = Debug|Any CPU
		{9FCFCF82-797E-4BD0-A51A-F2E8F68B7636}.Debug|x86.ActiveCfg = Debug|Any CPU
		{9FCFCF82-797E-4BD0-A51A-F2E8F68B7636}.Debug|x86.Build.0 = Debug|Any CPU
		{9FCFCF82-797E-4BD0-A51A-F2E8F68B7636}.Release|Any CPU.ActiveCfg = Release|Any CPU
		{9FCFCF82-797E-4BD0-A51A-F2E8F68B7636}.Release|Any CPU.Build.0 = Release|Any CPU
		{9FCFCF82-797E-4BD0-A51A-F2E8F68B7636}.Release|x64.ActiveCfg = Release|Any CPU
		{9FCFCF82-797E-4BD0-A51A-F2E8F68B7636}.Release|x64.Build.0 = Release|Any CPU
		{9FCFCF82-797E-4BD0-A51A-F2E8F68B7636}.Release|x86.ActiveCfg = Release|Any CPU
		{9FCFCF82-797E-4BD0-A51A-F2E8F68B7636}.Release|x86.Build.0 = Release|Any CPU
		{FAA62D9F-DD0B-457B-89CB-C65E6CBAA83F}.Debug|Any CPU.ActiveCfg = Debug|Any CPU
		{FAA62D9F-DD0B-457B-89CB-C65E6CBAA83F}.Debug|Any CPU.Build.0 = Debug|Any CPU
		{FAA62D9F-DD0B-457B-89CB-C65E6CBAA83F}.Debug|x64.ActiveCfg = Debug|Any CPU
		{FAA62D9F-DD0B-457B-89CB-C65E6CBAA83F}.Debug|x64.Build.0 = Debug|Any CPU
		{FAA62D9F-DD0B-457B-89CB-C65E6CBAA83F}.Debug|x86.ActiveCfg = Debug|Any CPU
		{FAA62D9F-DD0B-457B-89CB-C65E6CBAA83F}.Debug|x86.Build.0 = Debug|Any CPU
		{FAA62D9F-DD0B-457B-89CB-C65E6CBAA83F}.Release|Any CPU.ActiveCfg = Release|Any CPU
		{FAA62D9F-DD0B-457B-89CB-C65E6CBAA83F}.Release|Any CPU.Build.0 = Release|Any CPU
		{FAA62D9F-DD0B-457B-89CB-C65E6CBAA83F}.Release|x64.ActiveCfg = Release|Any CPU
		{FAA62D9F-DD0B-457B-89CB-C65E6CBAA83F}.Release|x64.Build.0 = Release|Any CPU
		{FAA62D9F-DD0B-457B-89CB-C65E6CBAA83F}.Release|x86.ActiveCfg = Release|Any CPU
		{FAA62D9F-DD0B-457B-89CB-C65E6CBAA83F}.Release|x86.Build.0 = Release|Any CPU
		{A1B2C3D4-E5F6-4A7B-8C9D-0E1F2A3B4C5D}.Debug|Any CPU.ActiveCfg = Debug|Any CPU
		{A1B2C3D4-E5F6-4A7B-8C9D-0E1F2A3B4C5D}.Debug|Any CPU.Build.0 = Debug|Any CPU
		{A1B2C3D4-E5F6-4A7B-8C9D-0E1F2A3B4C5D}.Debug|x64.ActiveCfg = Debug|Any CPU
		{A1B2C3D4-E5F6-4A7B-8C9D-0E1F2A3B4C5D}.Debug|x64.Build.0 = Debug|Any CPU
		{A1B2C3D4-E5F6-4A7B-8C9D-0E1F2A3B4C5D}.Debug|x86.ActiveCfg = Debug|Any CPU
		{A1B2C3D4-E5F6-4A7B-8C9D-0E1F2A3B4C5D}.Debug|x86.Build.0 = Debug|Any CPU
		{A1B2C3D4-E5F6-4A7B-8C9D-0E1F2A3B4C5D}.Release|Any CPU.ActiveCfg = Release|Any CPU
		{A1B2C3D4-E5F6-4A7B-8C9D-0E1F2A3B4C5D}.Release|Any CPU.Build.0 = Release|Any CPU
		{A1B2C3D4-E5F6-4A7B-8C9D-0E1F2A3B4C5D}.Release|x64.ActiveCfg = Release|Any CPU
		{A1B2C3D4-E5F6-4A7B-8C9D-0E1F2A3B4C5D}.Release|x64.Build.0 = Release|Any CPU
		{A1B2C3D4-E5F6-4A7B-8C9D-0E1F2A3B4C5D}.Release|x86.ActiveCfg = Release|Any CPU
		{A1B2C3D4-E5F6-4A7B-8C9D-0E1F2A3B4C5D}.Release|x86.Build.0 = Release|Any CPU
		{DB341036-1919-4305-A8D1-0BFC4FDB945C}.Debug|Any CPU.ActiveCfg = Debug|Any CPU
		{DB341036-1919-4305-A8D1-0BFC4FDB945C}.Debug|Any CPU.Build.0 = Debug|Any CPU
		{DB341036-1919-4305-A8D1-0BFC4FDB945C}.Debug|x64.ActiveCfg = Debug|Any CPU
		{DB341036-1919-4305-A8D1-0BFC4FDB945C}.Debug|x64.Build.0 = Debug|Any CPU
		{DB341036-1919-4305-A8D1-0BFC4FDB945C}.Debug|x86.ActiveCfg = Debug|Any CPU
		{DB341036-1919-4305-A8D1-0BFC4FDB945C}.Debug|x86.Build.0 = Debug|Any CPU
		{DB341036-1919-4305-A8D1-0BFC4FDB945C}.Release|Any CPU.ActiveCfg = Release|Any CPU
		{DB341036-1919-4305-A8D1-0BFC4FDB945C}.Release|Any CPU.Build.0 = Release|Any CPU
		{DB341036-1919-4305-A8D1-0BFC4FDB945C}.Release|x64.ActiveCfg = Release|Any CPU
		{DB341036-1919-4305-A8D1-0BFC4FDB945C}.Release|x64.Build.0 = Release|Any CPU
		{DB341036-1919-4305-A8D1-0BFC4FDB945C}.Release|x86.ActiveCfg = Release|Any CPU
		{DB341036-1919-4305-A8D1-0BFC4FDB945C}.Release|x86.Build.0 = Release|Any CPU
		{3DF8747C-22F6-435D-8058-9F8DD9B3C167}.Debug|Any CPU.ActiveCfg = Debug|Any CPU
		{3DF8747C-22F6-435D-8058-9F8DD9B3C167}.Debug|Any CPU.Build.0 = Debug|Any CPU
		{3DF8747C-22F6-435D-8058-9F8DD9B3C167}.Debug|x64.ActiveCfg = Debug|Any CPU
		{3DF8747C-22F6-435D-8058-9F8DD9B3C167}.Debug|x64.Build.0 = Debug|Any CPU
		{3DF8747C-22F6-435D-8058-9F8DD9B3C167}.Debug|x86.ActiveCfg = Debug|Any CPU
		{3DF8747C-22F6-435D-8058-9F8DD9B3C167}.Debug|x86.Build.0 = Debug|Any CPU
		{3DF8747C-22F6-435D-8058-9F8DD9B3C167}.Release|Any CPU.ActiveCfg = Release|Any CPU
		{3DF8747C-22F6-435D-8058-9F8DD9B3C167}.Release|Any CPU.Build.0 = Release|Any CPU
		{3DF8747C-22F6-435D-8058-9F8DD9B3C167}.Release|x64.ActiveCfg = Release|Any CPU
		{3DF8747C-22F6-435D-8058-9F8DD9B3C167}.Release|x64.Build.0 = Release|Any CPU
		{3DF8747C-22F6-435D-8058-9F8DD9B3C167}.Release|x86.ActiveCfg = Release|Any CPU
		{3DF8747C-22F6-435D-8058-9F8DD9B3C167}.Release|x86.Build.0 = Release|Any CPU
		{C57CF287-73E3-4ECE-AB3B-0138CCD2ADE1}.Debug|Any CPU.ActiveCfg = Debug|Any CPU
		{C57CF287-73E3-4ECE-AB3B-0138CCD2ADE1}.Debug|Any CPU.Build.0 = Debug|Any CPU
		{C57CF287-73E3-4ECE-AB3B-0138CCD2ADE1}.Debug|x64.ActiveCfg = Debug|Any CPU
		{C57CF287-73E3-4ECE-AB3B-0138CCD2ADE1}.Debug|x64.Build.0 = Debug|Any CPU
		{C57CF287-73E3-4ECE-AB3B-0138CCD2ADE1}.Debug|x86.ActiveCfg = Debug|Any CPU
		{C57CF287-73E3-4ECE-AB3B-0138CCD2ADE1}.Debug|x86.Build.0 = Debug|Any CPU
		{C57CF287-73E3-4ECE-AB3B-0138CCD2ADE1}.Release|Any CPU.ActiveCfg = Release|Any CPU
		{C57CF287-73E3-4ECE-AB3B-0138CCD2ADE1}.Release|Any CPU.Build.0 = Release|Any CPU
		{C57CF287-73E3-4ECE-AB3B-0138CCD2ADE1}.Release|x64.ActiveCfg = Release|Any CPU
		{C57CF287-73E3-4ECE-AB3B-0138CCD2ADE1}.Release|x64.Build.0 = Release|Any CPU
		{C57CF287-73E3-4ECE-AB3B-0138CCD2ADE1}.Release|x86.ActiveCfg = Release|Any CPU
		{C57CF287-73E3-4ECE-AB3B-0138CCD2ADE1}.Release|x86.Build.0 = Release|Any CPU
		{C5E0DA50-1FA1-4D1E-A5AA-C042E553B21C}.Debug|Any CPU.ActiveCfg = Debug|Any CPU
		{C5E0DA50-1FA1-4D1E-A5AA-C042E553B21C}.Debug|Any CPU.Build.0 = Debug|Any CPU
		{C5E0DA50-1FA1-4D1E-A5AA-C042E553B21C}.Debug|x64.ActiveCfg = Debug|Any CPU
		{C5E0DA50-1FA1-4D1E-A5AA-C042E553B21C}.Debug|x64.Build.0 = Debug|Any CPU
		{C5E0DA50-1FA1-4D1E-A5AA-C042E553B21C}.Debug|x86.ActiveCfg = Debug|Any CPU
		{C5E0DA50-1FA1-4D1E-A5AA-C042E553B21C}.Debug|x86.Build.0 = Debug|Any CPU
		{C5E0DA50-1FA1-4D1E-A5AA-C042E553B21C}.Release|Any CPU.ActiveCfg = Release|Any CPU
		{C5E0DA50-1FA1-4D1E-A5AA-C042E553B21C}.Release|Any CPU.Build.0 = Release|Any CPU
		{C5E0DA50-1FA1-4D1E-A5AA-C042E553B21C}.Release|x64.ActiveCfg = Release|Any CPU
		{C5E0DA50-1FA1-4D1E-A5AA-C042E553B21C}.Release|x64.Build.0 = Release|Any CPU
		{C5E0DA50-1FA1-4D1E-A5AA-C042E553B21C}.Release|x86.ActiveCfg = Release|Any CPU
		{C5E0DA50-1FA1-4D1E-A5AA-C042E553B21C}.Release|x86.Build.0 = Release|Any CPU
		{5DCA40A0-B7E8-4B38-8308-B91A4D294E07}.Debug|Any CPU.ActiveCfg = Debug|Any CPU
		{5DCA40A0-B7E8-4B38-8308-B91A4D294E07}.Debug|Any CPU.Build.0 = Debug|Any CPU
		{5DCA40A0-B7E8-4B38-8308-B91A4D294E07}.Debug|x64.ActiveCfg = Debug|Any CPU
		{5DCA40A0-B7E8-4B38-8308-B91A4D294E07}.Debug|x64.Build.0 = Debug|Any CPU
		{5DCA40A0-B7E8-4B38-8308-B91A4D294E07}.Debug|x86.ActiveCfg = Debug|Any CPU
		{5DCA40A0-B7E8-4B38-8308-B91A4D294E07}.Debug|x86.Build.0 = Debug|Any CPU
		{5DCA40A0-B7E8-4B38-8308-B91A4D294E07}.Release|Any CPU.ActiveCfg = Release|Any CPU
		{5DCA40A0-B7E8-4B38-8308-B91A4D294E07}.Release|Any CPU.Build.0 = Release|Any CPU
		{5DCA40A0-B7E8-4B38-8308-B91A4D294E07}.Release|x64.ActiveCfg = Release|Any CPU
		{5DCA40A0-B7E8-4B38-8308-B91A4D294E07}.Release|x64.Build.0 = Release|Any CPU
		{5DCA40A0-B7E8-4B38-8308-B91A4D294E07}.Release|x86.ActiveCfg = Release|Any CPU
		{5DCA40A0-B7E8-4B38-8308-B91A4D294E07}.Release|x86.Build.0 = Release|Any CPU
		{7A08A2F6-6C2B-4769-8261-30ABF64B863F}.Debug|Any CPU.ActiveCfg = Debug|Any CPU
		{7A08A2F6-6C2B-4769-8261-30ABF64B863F}.Debug|Any CPU.Build.0 = Debug|Any CPU
		{7A08A2F6-6C2B-4769-8261-30ABF64B863F}.Debug|x64.ActiveCfg = Debug|Any CPU
		{7A08A2F6-6C2B-4769-8261-30ABF64B863F}.Debug|x64.Build.0 = Debug|Any CPU
		{7A08A2F6-6C2B-4769-8261-30ABF64B863F}.Debug|x86.ActiveCfg = Debug|Any CPU
		{7A08A2F6-6C2B-4769-8261-30ABF64B863F}.Debug|x86.Build.0 = Debug|Any CPU
		{7A08A2F6-6C2B-4769-8261-30ABF64B863F}.Release|Any CPU.ActiveCfg = Release|Any CPU
		{7A08A2F6-6C2B-4769-8261-30ABF64B863F}.Release|Any CPU.Build.0 = Release|Any CPU
		{7A08A2F6-6C2B-4769-8261-30ABF64B863F}.Release|x64.ActiveCfg = Release|Any CPU
		{7A08A2F6-6C2B-4769-8261-30ABF64B863F}.Release|x64.Build.0 = Release|Any CPU
		{7A08A2F6-6C2B-4769-8261-30ABF64B863F}.Release|x86.ActiveCfg = Release|Any CPU
		{7A08A2F6-6C2B-4769-8261-30ABF64B863F}.Release|x86.Build.0 = Release|Any CPU
		{B39363CF-D250-4E4E-A0CB-C20EDEBBCFCB}.Debug|Any CPU.ActiveCfg = Debug|Any CPU
		{B39363CF-D250-4E4E-A0CB-C20EDEBBCFCB}.Debug|Any CPU.Build.0 = Debug|Any CPU
		{B39363CF-D250-4E4E-A0CB-C20EDEBBCFCB}.Debug|x64.ActiveCfg = Debug|Any CPU
		{B39363CF-D250-4E4E-A0CB-C20EDEBBCFCB}.Debug|x64.Build.0 = Debug|Any CPU
		{B39363CF-D250-4E4E-A0CB-C20EDEBBCFCB}.Debug|x86.ActiveCfg = Debug|Any CPU
		{B39363CF-D250-4E4E-A0CB-C20EDEBBCFCB}.Debug|x86.Build.0 = Debug|Any CPU
		{B39363CF-D250-4E4E-A0CB-C20EDEBBCFCB}.Release|Any CPU.ActiveCfg = Release|Any CPU
		{B39363CF-D250-4E4E-A0CB-C20EDEBBCFCB}.Release|Any CPU.Build.0 = Release|Any CPU
		{B39363CF-D250-4E4E-A0CB-C20EDEBBCFCB}.Release|x64.ActiveCfg = Release|Any CPU
		{B39363CF-D250-4E4E-A0CB-C20EDEBBCFCB}.Release|x64.Build.0 = Release|Any CPU
		{B39363CF-D250-4E4E-A0CB-C20EDEBBCFCB}.Release|x86.ActiveCfg = Release|Any CPU
		{B39363CF-D250-4E4E-A0CB-C20EDEBBCFCB}.Release|x86.Build.0 = Release|Any CPU
		{0F240660-192B-4A37-810D-96EC62F06289}.Debug|Any CPU.ActiveCfg = Debug|Any CPU
		{0F240660-192B-4A37-810D-96EC62F06289}.Debug|Any CPU.Build.0 = Debug|Any CPU
		{0F240660-192B-4A37-810D-96EC62F06289}.Debug|x64.ActiveCfg = Debug|Any CPU
		{0F240660-192B-4A37-810D-96EC62F06289}.Debug|x64.Build.0 = Debug|Any CPU
		{0F240660-192B-4A37-810D-96EC62F06289}.Debug|x86.ActiveCfg = Debug|Any CPU
		{0F240660-192B-4A37-810D-96EC62F06289}.Debug|x86.Build.0 = Debug|Any CPU
		{0F240660-192B-4A37-810D-96EC62F06289}.Release|Any CPU.ActiveCfg = Release|Any CPU
		{0F240660-192B-4A37-810D-96EC62F06289}.Release|Any CPU.Build.0 = Release|Any CPU
		{0F240660-192B-4A37-810D-96EC62F06289}.Release|x64.ActiveCfg = Release|Any CPU
		{0F240660-192B-4A37-810D-96EC62F06289}.Release|x64.Build.0 = Release|Any CPU
		{0F240660-192B-4A37-810D-96EC62F06289}.Release|x86.ActiveCfg = Release|Any CPU
		{0F240660-192B-4A37-810D-96EC62F06289}.Release|x86.Build.0 = Release|Any CPU
		{31861751-0EBA-4A01-96E8-9B9D598DD5E1}.Debug|Any CPU.ActiveCfg = Debug|Any CPU
		{31861751-0EBA-4A01-96E8-9B9D598DD5E1}.Debug|Any CPU.Build.0 = Debug|Any CPU
		{31861751-0EBA-4A01-96E8-9B9D598DD5E1}.Debug|x64.ActiveCfg = Debug|Any CPU
		{31861751-0EBA-4A01-96E8-9B9D598DD5E1}.Debug|x64.Build.0 = Debug|Any CPU
		{31861751-0EBA-4A01-96E8-9B9D598DD5E1}.Debug|x86.ActiveCfg = Debug|Any CPU
		{31861751-0EBA-4A01-96E8-9B9D598DD5E1}.Debug|x86.Build.0 = Debug|Any CPU
		{31861751-0EBA-4A01-96E8-9B9D598DD5E1}.Release|Any CPU.ActiveCfg = Release|Any CPU
		{31861751-0EBA-4A01-96E8-9B9D598DD5E1}.Release|Any CPU.Build.0 = Release|Any CPU
		{31861751-0EBA-4A01-96E8-9B9D598DD5E1}.Release|x64.ActiveCfg = Release|Any CPU
		{31861751-0EBA-4A01-96E8-9B9D598DD5E1}.Release|x64.Build.0 = Release|Any CPU
		{31861751-0EBA-4A01-96E8-9B9D598DD5E1}.Release|x86.ActiveCfg = Release|Any CPU
		{31861751-0EBA-4A01-96E8-9B9D598DD5E1}.Release|x86.Build.0 = Release|Any CPU
		{7A682B30-C481-4E7B-AB11-9E3C16334C9C}.Debug|Any CPU.ActiveCfg = Debug|Any CPU
		{7A682B30-C481-4E7B-AB11-9E3C16334C9C}.Debug|Any CPU.Build.0 = Debug|Any CPU
		{7A682B30-C481-4E7B-AB11-9E3C16334C9C}.Debug|x64.ActiveCfg = Debug|Any CPU
		{7A682B30-C481-4E7B-AB11-9E3C16334C9C}.Debug|x64.Build.0 = Debug|Any CPU
		{7A682B30-C481-4E7B-AB11-9E3C16334C9C}.Debug|x86.ActiveCfg = Debug|Any CPU
		{7A682B30-C481-4E7B-AB11-9E3C16334C9C}.Debug|x86.Build.0 = Debug|Any CPU
		{7A682B30-C481-4E7B-AB11-9E3C16334C9C}.Release|Any CPU.ActiveCfg = Release|Any CPU
		{7A682B30-C481-4E7B-AB11-9E3C16334C9C}.Release|Any CPU.Build.0 = Release|Any CPU
		{7A682B30-C481-4E7B-AB11-9E3C16334C9C}.Release|x64.ActiveCfg = Release|Any CPU
		{7A682B30-C481-4E7B-AB11-9E3C16334C9C}.Release|x64.Build.0 = Release|Any CPU
		{7A682B30-C481-4E7B-AB11-9E3C16334C9C}.Release|x86.ActiveCfg = Release|Any CPU
		{7A682B30-C481-4E7B-AB11-9E3C16334C9C}.Release|x86.Build.0 = Release|Any CPU
		{C0A57D6F-3CD6-4C07-8D91-A08F01991591}.Debug|Any CPU.ActiveCfg = Debug|Any CPU
		{C0A57D6F-3CD6-4C07-8D91-A08F01991591}.Debug|Any CPU.Build.0 = Debug|Any CPU
		{C0A57D6F-3CD6-4C07-8D91-A08F01991591}.Debug|x64.ActiveCfg = Debug|Any CPU
		{C0A57D6F-3CD6-4C07-8D91-A08F01991591}.Debug|x64.Build.0 = Debug|Any CPU
		{C0A57D6F-3CD6-4C07-8D91-A08F01991591}.Debug|x86.ActiveCfg = Debug|Any CPU
		{C0A57D6F-3CD6-4C07-8D91-A08F01991591}.Debug|x86.Build.0 = Debug|Any CPU
		{C0A57D6F-3CD6-4C07-8D91-A08F01991591}.Release|Any CPU.ActiveCfg = Release|Any CPU
		{C0A57D6F-3CD6-4C07-8D91-A08F01991591}.Release|Any CPU.Build.0 = Release|Any CPU
		{C0A57D6F-3CD6-4C07-8D91-A08F01991591}.Release|x64.ActiveCfg = Release|Any CPU
		{C0A57D6F-3CD6-4C07-8D91-A08F01991591}.Release|x64.Build.0 = Release|Any CPU
		{C0A57D6F-3CD6-4C07-8D91-A08F01991591}.Release|x86.ActiveCfg = Release|Any CPU
		{C0A57D6F-3CD6-4C07-8D91-A08F01991591}.Release|x86.Build.0 = Release|Any CPU
		{A3FA071B-DF96-4C64-8672-BE9695D897CC}.Debug|Any CPU.ActiveCfg = Debug|Any CPU
		{A3FA071B-DF96-4C64-8672-BE9695D897CC}.Debug|Any CPU.Build.0 = Debug|Any CPU
		{A3FA071B-DF96-4C64-8672-BE9695D897CC}.Debug|x64.ActiveCfg = Debug|Any CPU
		{A3FA071B-DF96-4C64-8672-BE9695D897CC}.Debug|x64.Build.0 = Debug|Any CPU
		{A3FA071B-DF96-4C64-8672-BE9695D897CC}.Debug|x86.ActiveCfg = Debug|Any CPU
		{A3FA071B-DF96-4C64-8672-BE9695D897CC}.Debug|x86.Build.0 = Debug|Any CPU
		{A3FA071B-DF96-4C64-8672-BE9695D897CC}.Release|Any CPU.ActiveCfg = Release|Any CPU
		{A3FA071B-DF96-4C64-8672-BE9695D897CC}.Release|Any CPU.Build.0 = Release|Any CPU
		{A3FA071B-DF96-4C64-8672-BE9695D897CC}.Release|x64.ActiveCfg = Release|Any CPU
		{A3FA071B-DF96-4C64-8672-BE9695D897CC}.Release|x64.Build.0 = Release|Any CPU
		{A3FA071B-DF96-4C64-8672-BE9695D897CC}.Release|x86.ActiveCfg = Release|Any CPU
		{A3FA071B-DF96-4C64-8672-BE9695D897CC}.Release|x86.Build.0 = Release|Any CPU
		{7415F7AC-4BAE-44E6-B3E8-41701578EA22}.Debug|Any CPU.ActiveCfg = Debug|Any CPU
		{7415F7AC-4BAE-44E6-B3E8-41701578EA22}.Debug|Any CPU.Build.0 = Debug|Any CPU
		{7415F7AC-4BAE-44E6-B3E8-41701578EA22}.Debug|x64.ActiveCfg = Debug|Any CPU
		{7415F7AC-4BAE-44E6-B3E8-41701578EA22}.Debug|x64.Build.0 = Debug|Any CPU
		{7415F7AC-4BAE-44E6-B3E8-41701578EA22}.Debug|x86.ActiveCfg = Debug|Any CPU
		{7415F7AC-4BAE-44E6-B3E8-41701578EA22}.Debug|x86.Build.0 = Debug|Any CPU
		{7415F7AC-4BAE-44E6-B3E8-41701578EA22}.Release|Any CPU.ActiveCfg = Release|Any CPU
		{7415F7AC-4BAE-44E6-B3E8-41701578EA22}.Release|Any CPU.Build.0 = Release|Any CPU
		{7415F7AC-4BAE-44E6-B3E8-41701578EA22}.Release|x64.ActiveCfg = Release|Any CPU
		{7415F7AC-4BAE-44E6-B3E8-41701578EA22}.Release|x64.Build.0 = Release|Any CPU
		{7415F7AC-4BAE-44E6-B3E8-41701578EA22}.Release|x86.ActiveCfg = Release|Any CPU
		{7415F7AC-4BAE-44E6-B3E8-41701578EA22}.Release|x86.Build.0 = Release|Any CPU
		{CCF66A9F-8C83-45EB-A9B1-A926EC0901EC}.Debug|Any CPU.ActiveCfg = Debug|Any CPU
		{CCF66A9F-8C83-45EB-A9B1-A926EC0901EC}.Debug|Any CPU.Build.0 = Debug|Any CPU
		{CCF66A9F-8C83-45EB-A9B1-A926EC0901EC}.Debug|x64.ActiveCfg = Debug|Any CPU
		{CCF66A9F-8C83-45EB-A9B1-A926EC0901EC}.Debug|x64.Build.0 = Debug|Any CPU
		{CCF66A9F-8C83-45EB-A9B1-A926EC0901EC}.Debug|x86.ActiveCfg = Debug|Any CPU
		{CCF66A9F-8C83-45EB-A9B1-A926EC0901EC}.Debug|x86.Build.0 = Debug|Any CPU
		{CCF66A9F-8C83-45EB-A9B1-A926EC0901EC}.Release|Any CPU.ActiveCfg = Release|Any CPU
		{CCF66A9F-8C83-45EB-A9B1-A926EC0901EC}.Release|Any CPU.Build.0 = Release|Any CPU
		{CCF66A9F-8C83-45EB-A9B1-A926EC0901EC}.Release|x64.ActiveCfg = Release|Any CPU
		{CCF66A9F-8C83-45EB-A9B1-A926EC0901EC}.Release|x64.Build.0 = Release|Any CPU
		{CCF66A9F-8C83-45EB-A9B1-A926EC0901EC}.Release|x86.ActiveCfg = Release|Any CPU
		{CCF66A9F-8C83-45EB-A9B1-A926EC0901EC}.Release|x86.Build.0 = Release|Any CPU
		{B479B926-7F13-4AED-8B88-90658DD8F0F9}.Debug|Any CPU.ActiveCfg = Debug|Any CPU
		{B479B926-7F13-4AED-8B88-90658DD8F0F9}.Debug|Any CPU.Build.0 = Debug|Any CPU
		{B479B926-7F13-4AED-8B88-90658DD8F0F9}.Debug|x64.ActiveCfg = Debug|Any CPU
		{B479B926-7F13-4AED-8B88-90658DD8F0F9}.Debug|x64.Build.0 = Debug|Any CPU
		{B479B926-7F13-4AED-8B88-90658DD8F0F9}.Debug|x86.ActiveCfg = Debug|Any CPU
		{B479B926-7F13-4AED-8B88-90658DD8F0F9}.Debug|x86.Build.0 = Debug|Any CPU
		{B479B926-7F13-4AED-8B88-90658DD8F0F9}.Release|Any CPU.ActiveCfg = Release|Any CPU
		{B479B926-7F13-4AED-8B88-90658DD8F0F9}.Release|Any CPU.Build.0 = Release|Any CPU
		{B479B926-7F13-4AED-8B88-90658DD8F0F9}.Release|x64.ActiveCfg = Release|Any CPU
		{B479B926-7F13-4AED-8B88-90658DD8F0F9}.Release|x64.Build.0 = Release|Any CPU
		{B479B926-7F13-4AED-8B88-90658DD8F0F9}.Release|x86.ActiveCfg = Release|Any CPU
		{B479B926-7F13-4AED-8B88-90658DD8F0F9}.Release|x86.Build.0 = Release|Any CPU
		{FA199B73-7082-4F26-AD52-F33BD1BAE9ED}.Debug|Any CPU.ActiveCfg = Debug|Any CPU
		{FA199B73-7082-4F26-AD52-F33BD1BAE9ED}.Debug|Any CPU.Build.0 = Debug|Any CPU
		{FA199B73-7082-4F26-AD52-F33BD1BAE9ED}.Debug|x64.ActiveCfg = Debug|Any CPU
		{FA199B73-7082-4F26-AD52-F33BD1BAE9ED}.Debug|x64.Build.0 = Debug|Any CPU
		{FA199B73-7082-4F26-AD52-F33BD1BAE9ED}.Debug|x86.ActiveCfg = Debug|Any CPU
		{FA199B73-7082-4F26-AD52-F33BD1BAE9ED}.Debug|x86.Build.0 = Debug|Any CPU
		{FA199B73-7082-4F26-AD52-F33BD1BAE9ED}.Release|Any CPU.ActiveCfg = Release|Any CPU
		{FA199B73-7082-4F26-AD52-F33BD1BAE9ED}.Release|Any CPU.Build.0 = Release|Any CPU
		{FA199B73-7082-4F26-AD52-F33BD1BAE9ED}.Release|x64.ActiveCfg = Release|Any CPU
		{FA199B73-7082-4F26-AD52-F33BD1BAE9ED}.Release|x64.Build.0 = Release|Any CPU
		{FA199B73-7082-4F26-AD52-F33BD1BAE9ED}.Release|x86.ActiveCfg = Release|Any CPU
		{FA199B73-7082-4F26-AD52-F33BD1BAE9ED}.Release|x86.Build.0 = Release|Any CPU
		{531C83FC-D724-4FF4-8543-2DA397863530}.Debug|Any CPU.ActiveCfg = Debug|Any CPU
		{531C83FC-D724-4FF4-8543-2DA397863530}.Debug|Any CPU.Build.0 = Debug|Any CPU
		{531C83FC-D724-4FF4-8543-2DA397863530}.Debug|x64.ActiveCfg = Debug|Any CPU
		{531C83FC-D724-4FF4-8543-2DA397863530}.Debug|x64.Build.0 = Debug|Any CPU
		{531C83FC-D724-4FF4-8543-2DA397863530}.Debug|x86.ActiveCfg = Debug|Any CPU
		{531C83FC-D724-4FF4-8543-2DA397863530}.Debug|x86.Build.0 = Debug|Any CPU
		{531C83FC-D724-4FF4-8543-2DA397863530}.Release|Any CPU.ActiveCfg = Release|Any CPU
		{531C83FC-D724-4FF4-8543-2DA397863530}.Release|Any CPU.Build.0 = Release|Any CPU
		{531C83FC-D724-4FF4-8543-2DA397863530}.Release|x64.ActiveCfg = Release|Any CPU
		{531C83FC-D724-4FF4-8543-2DA397863530}.Release|x64.Build.0 = Release|Any CPU
		{531C83FC-D724-4FF4-8543-2DA397863530}.Release|x86.ActiveCfg = Release|Any CPU
		{531C83FC-D724-4FF4-8543-2DA397863530}.Release|x86.Build.0 = Release|Any CPU
		{A1B2C3D4-5E6F-7A8B-9C0D-1E2F3A4B5C6D}.Debug|Any CPU.ActiveCfg = Debug|Any CPU
		{A1B2C3D4-5E6F-7A8B-9C0D-1E2F3A4B5C6D}.Debug|Any CPU.Build.0 = Debug|Any CPU
		{A1B2C3D4-5E6F-7A8B-9C0D-1E2F3A4B5C6D}.Debug|x64.ActiveCfg = Debug|Any CPU
		{A1B2C3D4-5E6F-7A8B-9C0D-1E2F3A4B5C6D}.Debug|x64.Build.0 = Debug|Any CPU
		{A1B2C3D4-5E6F-7A8B-9C0D-1E2F3A4B5C6D}.Debug|x86.ActiveCfg = Debug|Any CPU
		{A1B2C3D4-5E6F-7A8B-9C0D-1E2F3A4B5C6D}.Debug|x86.Build.0 = Debug|Any CPU
		{A1B2C3D4-5E6F-7A8B-9C0D-1E2F3A4B5C6D}.Release|Any CPU.ActiveCfg = Release|Any CPU
		{A1B2C3D4-5E6F-7A8B-9C0D-1E2F3A4B5C6D}.Release|Any CPU.Build.0 = Release|Any CPU
		{A1B2C3D4-5E6F-7A8B-9C0D-1E2F3A4B5C6D}.Release|x64.ActiveCfg = Release|Any CPU
		{A1B2C3D4-5E6F-7A8B-9C0D-1E2F3A4B5C6D}.Release|x64.Build.0 = Release|Any CPU
		{A1B2C3D4-5E6F-7A8B-9C0D-1E2F3A4B5C6D}.Release|x86.ActiveCfg = Release|Any CPU
		{A1B2C3D4-5E6F-7A8B-9C0D-1E2F3A4B5C6D}.Release|x86.Build.0 = Release|Any CPU
		{B2C3D4E5-6F7A-8B9C-0D1E-2F3A4B5C6D7E}.Debug|Any CPU.ActiveCfg = Debug|Any CPU
		{B2C3D4E5-6F7A-8B9C-0D1E-2F3A4B5C6D7E}.Debug|Any CPU.Build.0 = Debug|Any CPU
		{B2C3D4E5-6F7A-8B9C-0D1E-2F3A4B5C6D7E}.Debug|x64.ActiveCfg = Debug|Any CPU
		{B2C3D4E5-6F7A-8B9C-0D1E-2F3A4B5C6D7E}.Debug|x64.Build.0 = Debug|Any CPU
		{B2C3D4E5-6F7A-8B9C-0D1E-2F3A4B5C6D7E}.Debug|x86.ActiveCfg = Debug|Any CPU
		{B2C3D4E5-6F7A-8B9C-0D1E-2F3A4B5C6D7E}.Debug|x86.Build.0 = Debug|Any CPU
		{B2C3D4E5-6F7A-8B9C-0D1E-2F3A4B5C6D7E}.Release|Any CPU.ActiveCfg = Release|Any CPU
		{B2C3D4E5-6F7A-8B9C-0D1E-2F3A4B5C6D7E}.Release|Any CPU.Build.0 = Release|Any CPU
		{B2C3D4E5-6F7A-8B9C-0D1E-2F3A4B5C6D7E}.Release|x64.ActiveCfg = Release|Any CPU
		{B2C3D4E5-6F7A-8B9C-0D1E-2F3A4B5C6D7E}.Release|x64.Build.0 = Release|Any CPU
		{B2C3D4E5-6F7A-8B9C-0D1E-2F3A4B5C6D7E}.Release|x86.ActiveCfg = Release|Any CPU
		{B2C3D4E5-6F7A-8B9C-0D1E-2F3A4B5C6D7E}.Release|x86.Build.0 = Release|Any CPU
		{9A8B7C6D-5E4F-3A2B-1C0D-9E8F7A6B5C4D}.Debug|Any CPU.ActiveCfg = Debug|Any CPU
		{9A8B7C6D-5E4F-3A2B-1C0D-9E8F7A6B5C4D}.Debug|Any CPU.Build.0 = Debug|Any CPU
		{9A8B7C6D-5E4F-3A2B-1C0D-9E8F7A6B5C4D}.Debug|x64.ActiveCfg = Debug|Any CPU
		{9A8B7C6D-5E4F-3A2B-1C0D-9E8F7A6B5C4D}.Debug|x64.Build.0 = Debug|Any CPU
		{9A8B7C6D-5E4F-3A2B-1C0D-9E8F7A6B5C4D}.Debug|x86.ActiveCfg = Debug|Any CPU
		{9A8B7C6D-5E4F-3A2B-1C0D-9E8F7A6B5C4D}.Debug|x86.Build.0 = Debug|Any CPU
		{9A8B7C6D-5E4F-3A2B-1C0D-9E8F7A6B5C4D}.Release|Any CPU.ActiveCfg = Release|Any CPU
		{9A8B7C6D-5E4F-3A2B-1C0D-9E8F7A6B5C4D}.Release|Any CPU.Build.0 = Release|Any CPU
		{9A8B7C6D-5E4F-3A2B-1C0D-9E8F7A6B5C4D}.Release|x64.ActiveCfg = Release|Any CPU
		{9A8B7C6D-5E4F-3A2B-1C0D-9E8F7A6B5C4D}.Release|x64.Build.0 = Release|Any CPU
		{9A8B7C6D-5E4F-3A2B-1C0D-9E8F7A6B5C4D}.Release|x86.ActiveCfg = Release|Any CPU
		{9A8B7C6D-5E4F-3A2B-1C0D-9E8F7A6B5C4D}.Release|x86.Build.0 = Release|Any CPU
		{8B7A6C5D-4E3F-2A1B-0C9D-8E7F6A5B4C3D}.Debug|Any CPU.ActiveCfg = Debug|Any CPU
		{8B7A6C5D-4E3F-2A1B-0C9D-8E7F6A5B4C3D}.Debug|Any CPU.Build.0 = Debug|Any CPU
		{8B7A6C5D-4E3F-2A1B-0C9D-8E7F6A5B4C3D}.Debug|x64.ActiveCfg = Debug|Any CPU
		{8B7A6C5D-4E3F-2A1B-0C9D-8E7F6A5B4C3D}.Debug|x64.Build.0 = Debug|Any CPU
		{8B7A6C5D-4E3F-2A1B-0C9D-8E7F6A5B4C3D}.Debug|x86.ActiveCfg = Debug|Any CPU
		{8B7A6C5D-4E3F-2A1B-0C9D-8E7F6A5B4C3D}.Debug|x86.Build.0 = Debug|Any CPU
		{8B7A6C5D-4E3F-2A1B-0C9D-8E7F6A5B4C3D}.Release|Any CPU.ActiveCfg = Release|Any CPU
		{8B7A6C5D-4E3F-2A1B-0C9D-8E7F6A5B4C3D}.Release|Any CPU.Build.0 = Release|Any CPU
		{8B7A6C5D-4E3F-2A1B-0C9D-8E7F6A5B4C3D}.Release|x64.ActiveCfg = Release|Any CPU
		{8B7A6C5D-4E3F-2A1B-0C9D-8E7F6A5B4C3D}.Release|x64.Build.0 = Release|Any CPU
		{8B7A6C5D-4E3F-2A1B-0C9D-8E7F6A5B4C3D}.Release|x86.ActiveCfg = Release|Any CPU
		{8B7A6C5D-4E3F-2A1B-0C9D-8E7F6A5B4C3D}.Release|x86.Build.0 = Release|Any CPU
	EndGlobalSection
	GlobalSection(SolutionProperties) = preSolution
		HideSolutionNode = FALSE
	EndGlobalSection
	GlobalSection(NestedProjects) = preSolution
		{DB341036-1919-4305-A8D1-0BFC4FDB945C} = {DA053773-4718-BBFE-4AB7-9E4FCE55BF84}
		{3DF8747C-22F6-435D-8058-9F8DD9B3C167} = {8BC2D7F8-375B-160C-ABF4-2068149162CA}
		{C57CF287-73E3-4ECE-AB3B-0138CCD2ADE1} = {8BC2D7F8-375B-160C-ABF4-2068149162CA}
		{C5E0DA50-1FA1-4D1E-A5AA-C042E553B21C} = {8BC2D7F8-375B-160C-ABF4-2068149162CA}
		{5DCA40A0-B7E8-4B38-8308-B91A4D294E07} = {8BC2D7F8-375B-160C-ABF4-2068149162CA}
		{7A08A2F6-6C2B-4769-8261-30ABF64B863F} = {8BC2D7F8-375B-160C-ABF4-2068149162CA}
		{B39363CF-D250-4E4E-A0CB-C20EDEBBCFCB} = {8BC2D7F8-375B-160C-ABF4-2068149162CA}
		{0F240660-192B-4A37-810D-96EC62F06289} = {8BC2D7F8-375B-160C-ABF4-2068149162CA}
		{31861751-0EBA-4A01-96E8-9B9D598DD5E1} = {8BC2D7F8-375B-160C-ABF4-2068149162CA}
		{7A682B30-C481-4E7B-AB11-9E3C16334C9C} = {8BC2D7F8-375B-160C-ABF4-2068149162CA}
		{C0A57D6F-3CD6-4C07-8D91-A08F01991591} = {8BC2D7F8-375B-160C-ABF4-2068149162CA}
		{A3FA071B-DF96-4C64-8672-BE9695D897CC} = {0C88DD14-F956-CE84-757C-A364CCF449FC}
		{31F18773-9844-6384-810A-1250F6C000ED} = {0C88DD14-F956-CE84-757C-A364CCF449FC}
		{CCF66A9F-8C83-45EB-A9B1-A926EC0901EC} = {31F18773-9844-6384-810A-1250F6C000ED}
		{B479B926-7F13-4AED-8B88-90658DD8F0F9} = {DA053773-4718-BBFE-4AB7-9E4FCE55BF84}
		{531C83FC-D724-4FF4-8543-2DA397863530} = {0C88DD14-F956-CE84-757C-A364CCF449FC}
		{A1B2C3D4-5E6F-7A8B-9C0D-1E2F3A4B5C6D} = {E1A2B3C4-D5E6-4F7A-8B9C-0D1E2F3A4B5C}
		{B2C3D4E5-6F7A-8B9C-0D1E-2F3A4B5C6D7E} = {E1A2B3C4-D5E6-4F7A-8B9C-0D1E2F3A4B5C}
	EndGlobalSection
EndGlobal
