
Microsoft Visual Studio Solution File, Format Version 12.00
# Visual Studio Version 17
VisualStudioVersion = 17.0.31903.59
MinimumVisualStudioVersion = 10.0.40219.1
Project("{FAE04EC0-301F-11D3-BF4B-00C04F79EFBC}") = "HPD-Agent", "HPD-Agent\HPD-Agent.csproj", "{028CF679-8342-45E5-A8D4-CF864D45F306}"
EndProject
Project("{FAE04EC0-301F-11D3-BF4B-00C04F79EFBC}") = "AgentConsoleTest", "AgentConsoleTest\AgentConsoleTest.csproj", "{A5D3834B-92FB-4598-917A-711FB4C67801}"
EndProject
Project("{2150E333-8FDC-42A3-9474-1A3956D46DE8}") = "AgentWebTest", "AgentWebTest", "{4A0CCF76-3BFE-E486-4EB1-0415D00EB564}"
EndProject
Project("{FAE04EC0-301F-11D3-BF4B-00C04F79EFBC}") = "AgentAPI", "AgentWebTest\AgentAPI\AgentAPI.csproj", "{EE81C6FF-29A5-450B-9DB2-710AE1E84CB2}"
EndProject
Project("{FAE04EC0-301F-11D3-BF4B-00C04F79EFBC}") = "HPD-Agent.SourceGenerator", "HPD-Agent.SourceGenerator\HPD-Agent.SourceGenerator.csproj", "{9FCFCF82-797E-4BD0-A51A-F2E8F68B7636}"
EndProject
Project("{FAE04EC0-301F-11D3-BF4B-00C04F79EFBC}") = "HPD-Agent.Memory", "HPD-Agent.Memory\HPD-Agent.Memory.csproj", "{14A34C0B-BA2C-421D-993A-EE461E2992C0}"
EndProject
Project("{FAE04EC0-301F-11D3-BF4B-00C04F79EFBC}") = "HPD-Agent.Audio", "HPD-Agent.Audio\HPD-Agent.Audio.csproj", "{E093B2ED-D422-4071-9C58-F2B785ED9243}"
EndProject
Project("{FAE04EC0-301F-11D3-BF4B-00C04F79EFBC}") = "HPD-Agent.Orchestration", "HPD-Agent.Orchestration\HPD-Agent.Orchestration.csproj", "{57ADE412-0E16-4960-8C40-E0104660224D}"
EndProject
Project("{FAE04EC0-301F-11D3-BF4B-00C04F79EFBC}") = "HPD-Agent.TextExtraction", "HPD-Agent.TextExtraction\HPD-Agent.TextExtraction.csproj", "{FAA62D9F-DD0B-457B-89CB-C65E6CBAA83F}"
EndProject
Project("{2150E333-8FDC-42A3-9474-1A3956D46DE8}") = "HPD-Agent.Plugins", "HPD-Agent.Plugins", "{DA053773-4718-BBFE-4AB7-9E4FCE55BF84}"
EndProject
Project("{FAE04EC0-301F-11D3-BF4B-00C04F79EFBC}") = "HPD-Agent.Plugins.FileSystem", "HPD-Agent.Plugins\HPD-Agent.Plugins.FileSystem\HPD-Agent.Plugins.FileSystem.csproj", "{DB341036-1919-4305-A8D1-0BFC4FDB945C}"
EndProject
Global
	GlobalSection(SolutionConfigurationPlatforms) = preSolution
		Debug|Any CPU = Debug|Any CPU
		Debug|x64 = Debug|x64
		Debug|x86 = Debug|x86
		Release|Any CPU = Release|Any CPU
		Release|x64 = Release|x64
		Release|x86 = Release|x86
	EndGlobalSection
	GlobalSection(ProjectConfigurationPlatforms) = postSolution
		{028CF679-8342-45E5-A8D4-CF864D45F306}.Debug|Any CPU.ActiveCfg = Debug|Any CPU
		{028CF679-8342-45E5-A8D4-CF864D45F306}.Debug|Any CPU.Build.0 = Debug|Any CPU
		{028CF679-8342-45E5-A8D4-CF864D45F306}.Debug|x64.ActiveCfg = Debug|Any CPU
		{028CF679-8342-45E5-A8D4-CF864D45F306}.Debug|x64.Build.0 = Debug|Any CPU
		{028CF679-8342-45E5-A8D4-CF864D45F306}.Debug|x86.ActiveCfg = Debug|Any CPU
		{028CF679-8342-45E5-A8D4-CF864D45F306}.Debug|x86.Build.0 = Debug|Any CPU
		{028CF679-8342-45E5-A8D4-CF864D45F306}.Release|Any CPU.ActiveCfg = Release|Any CPU
		{028CF679-8342-45E5-A8D4-CF864D45F306}.Release|Any CPU.Build.0 = Release|Any CPU
		{028CF679-8342-45E5-A8D4-CF864D45F306}.Release|x64.ActiveCfg = Release|Any CPU
		{028CF679-8342-45E5-A8D4-CF864D45F306}.Release|x64.Build.0 = Release|Any CPU
		{028CF679-8342-45E5-A8D4-CF864D45F306}.Release|x86.ActiveCfg = Release|Any CPU
		{028CF679-8342-45E5-A8D4-CF864D45F306}.Release|x86.Build.0 = Release|Any CPU
		{A5D3834B-92FB-4598-917A-711FB4C67801}.Debug|Any CPU.ActiveCfg = Debug|Any CPU
		{A5D3834B-92FB-4598-917A-711FB4C67801}.Debug|Any CPU.Build.0 = Debug|Any CPU
		{A5D3834B-92FB-4598-917A-711FB4C67801}.Debug|x64.ActiveCfg = Debug|Any CPU
		{A5D3834B-92FB-4598-917A-711FB4C67801}.Debug|x64.Build.0 = Debug|Any CPU
		{A5D3834B-92FB-4598-917A-711FB4C67801}.Debug|x86.ActiveCfg = Debug|Any CPU
		{A5D3834B-92FB-4598-917A-711FB4C67801}.Debug|x86.Build.0 = Debug|Any CPU
		{A5D3834B-92FB-4598-917A-711FB4C67801}.Release|Any CPU.ActiveCfg = Release|Any CPU
		{A5D3834B-92FB-4598-917A-711FB4C67801}.Release|Any CPU.Build.0 = Release|Any CPU
		{A5D3834B-92FB-4598-917A-711FB4C67801}.Release|x64.ActiveCfg = Release|Any CPU
		{A5D3834B-92FB-4598-917A-711FB4C67801}.Release|x64.Build.0 = Release|Any CPU
		{A5D3834B-92FB-4598-917A-711FB4C67801}.Release|x86.ActiveCfg = Release|Any CPU
		{A5D3834B-92FB-4598-917A-711FB4C67801}.Release|x86.Build.0 = Release|Any CPU
		{EE81C6FF-29A5-450B-9DB2-710AE1E84CB2}.Debug|Any CPU.ActiveCfg = Debug|Any CPU
		{EE81C6FF-29A5-450B-9DB2-710AE1E84CB2}.Debug|Any CPU.Build.0 = Debug|Any CPU
		{EE81C6FF-29A5-450B-9DB2-710AE1E84CB2}.Debug|x64.ActiveCfg = Debug|Any CPU
		{EE81C6FF-29A5-450B-9DB2-710AE1E84CB2}.Debug|x64.Build.0 = Debug|Any CPU
		{EE81C6FF-29A5-450B-9DB2-710AE1E84CB2}.Debug|x86.ActiveCfg = Debug|Any CPU
		{EE81C6FF-29A5-450B-9DB2-710AE1E84CB2}.Debug|x86.Build.0 = Debug|Any CPU
		{EE81C6FF-29A5-450B-9DB2-710AE1E84CB2}.Release|Any CPU.ActiveCfg = Release|Any CPU
		{EE81C6FF-29A5-450B-9DB2-710AE1E84CB2}.Release|Any CPU.Build.0 = Release|Any CPU
		{EE81C6FF-29A5-450B-9DB2-710AE1E84CB2}.Release|x64.ActiveCfg = Release|Any CPU
		{EE81C6FF-29A5-450B-9DB2-710AE1E84CB2}.Release|x64.Build.0 = Release|Any CPU
		{EE81C6FF-29A5-450B-9DB2-710AE1E84CB2}.Release|x86.ActiveCfg = Release|Any CPU
		{EE81C6FF-29A5-450B-9DB2-710AE1E84CB2}.Release|x86.Build.0 = Release|Any CPU
		{9FCFCF82-797E-4BD0-A51A-F2E8F68B7636}.Debug|Any CPU.ActiveCfg = Debug|Any CPU
		{9FCFCF82-797E-4BD0-A51A-F2E8F68B7636}.Debug|Any CPU.Build.0 = Debug|Any CPU
		{9FCFCF82-797E-4BD0-A51A-F2E8F68B7636}.Debug|x64.ActiveCfg = Debug|Any CPU
		{9FCFCF82-797E-4BD0-A51A-F2E8F68B7636}.Debug|x64.Build.0 = Debug|Any CPU
		{9FCFCF82-797E-4BD0-A51A-F2E8F68B7636}.Debug|x86.ActiveCfg = Debug|Any CPU
		{9FCFCF82-797E-4BD0-A51A-F2E8F68B7636}.Debug|x86.Build.0 = Debug|Any CPU
		{9FCFCF82-797E-4BD0-A51A-F2E8F68B7636}.Release|Any CPU.ActiveCfg = Release|Any CPU
		{9FCFCF82-797E-4BD0-A51A-F2E8F68B7636}.Release|Any CPU.Build.0 = Release|Any CPU
		{9FCFCF82-797E-4BD0-A51A-F2E8F68B7636}.Release|x64.ActiveCfg = Release|Any CPU
		{9FCFCF82-797E-4BD0-A51A-F2E8F68B7636}.Release|x64.Build.0 = Release|Any CPU
		{9FCFCF82-797E-4BD0-A51A-F2E8F68B7636}.Release|x86.ActiveCfg = Release|Any CPU
		{9FCFCF82-797E-4BD0-A51A-F2E8F68B7636}.Release|x86.Build.0 = Release|Any CPU
		{14A34C0B-BA2C-421D-993A-EE461E2992C0}.Debug|Any CPU.ActiveCfg = Debug|Any CPU
		{14A34C0B-BA2C-421D-993A-EE461E2992C0}.Debug|Any CPU.Build.0 = Debug|Any CPU
		{14A34C0B-BA2C-421D-993A-EE461E2992C0}.Debug|x64.ActiveCfg = Debug|Any CPU
		{14A34C0B-BA2C-421D-993A-EE461E2992C0}.Debug|x64.Build.0 = Debug|Any CPU
		{14A34C0B-BA2C-421D-993A-EE461E2992C0}.Debug|x86.ActiveCfg = Debug|Any CPU
		{14A34C0B-BA2C-421D-993A-EE461E2992C0}.Debug|x86.Build.0 = Debug|Any CPU
		{14A34C0B-BA2C-421D-993A-EE461E2992C0}.Release|Any CPU.ActiveCfg = Release|Any CPU
		{14A34C0B-BA2C-421D-993A-EE461E2992C0}.Release|Any CPU.Build.0 = Release|Any CPU
		{14A34C0B-BA2C-421D-993A-EE461E2992C0}.Release|x64.ActiveCfg = Release|Any CPU
		{14A34C0B-BA2C-421D-993A-EE461E2992C0}.Release|x64.Build.0 = Release|Any CPU
		{14A34C0B-BA2C-421D-993A-EE461E2992C0}.Release|x86.ActiveCfg = Release|Any CPU
		{14A34C0B-BA2C-421D-993A-EE461E2992C0}.Release|x86.Build.0 = Release|Any CPU
		{E093B2ED-D422-4071-9C58-F2B785ED9243}.Debug|Any CPU.ActiveCfg = Debug|Any CPU
		{E093B2ED-D422-4071-9C58-F2B785ED9243}.Debug|Any CPU.Build.0 = Debug|Any CPU
		{E093B2ED-D422-4071-9C58-F2B785ED9243}.Debug|x64.ActiveCfg = Debug|Any CPU
		{E093B2ED-D422-4071-9C58-F2B785ED9243}.Debug|x64.Build.0 = Debug|Any CPU
		{E093B2ED-D422-4071-9C58-F2B785ED9243}.Debug|x86.ActiveCfg = Debug|Any CPU
		{E093B2ED-D422-4071-9C58-F2B785ED9243}.Debug|x86.Build.0 = Debug|Any CPU
		{E093B2ED-D422-4071-9C58-F2B785ED9243}.Release|Any CPU.ActiveCfg = Release|Any CPU
		{E093B2ED-D422-4071-9C58-F2B785ED9243}.Release|Any CPU.Build.0 = Release|Any CPU
		{E093B2ED-D422-4071-9C58-F2B785ED9243}.Release|x64.ActiveCfg = Release|Any CPU
		{E093B2ED-D422-4071-9C58-F2B785ED9243}.Release|x64.Build.0 = Release|Any CPU
		{E093B2ED-D422-4071-9C58-F2B785ED9243}.Release|x86.ActiveCfg = Release|Any CPU
		{E093B2ED-D422-4071-9C58-F2B785ED9243}.Release|x86.Build.0 = Release|Any CPU
		{57ADE412-0E16-4960-8C40-E0104660224D}.Debug|Any CPU.ActiveCfg = Debug|Any CPU
		{57ADE412-0E16-4960-8C40-E0104660224D}.Debug|Any CPU.Build.0 = Debug|Any CPU
		{57ADE412-0E16-4960-8C40-E0104660224D}.Debug|x64.ActiveCfg = Debug|Any CPU
		{57ADE412-0E16-4960-8C40-E0104660224D}.Debug|x64.Build.0 = Debug|Any CPU
		{57ADE412-0E16-4960-8C40-E0104660224D}.Debug|x86.ActiveCfg = Debug|Any CPU
		{57ADE412-0E16-4960-8C40-E0104660224D}.Debug|x86.Build.0 = Debug|Any CPU
		{57ADE412-0E16-4960-8C40-E0104660224D}.Release|Any CPU.ActiveCfg = Release|Any CPU
		{57ADE412-0E16-4960-8C40-E0104660224D}.Release|Any CPU.Build.0 = Release|Any CPU
		{57ADE412-0E16-4960-8C40-E0104660224D}.Release|x64.ActiveCfg = Release|Any CPU
		{57ADE412-0E16-4960-8C40-E0104660224D}.Release|x64.Build.0 = Release|Any CPU
		{57ADE412-0E16-4960-8C40-E0104660224D}.Release|x86.ActiveCfg = Release|Any CPU
		{57ADE412-0E16-4960-8C40-E0104660224D}.Release|x86.Build.0 = Release|Any CPU
		{FAA62D9F-DD0B-457B-89CB-C65E6CBAA83F}.Debug|Any CPU.ActiveCfg = Debug|Any CPU
		{FAA62D9F-DD0B-457B-89CB-C65E6CBAA83F}.Debug|Any CPU.Build.0 = Debug|Any CPU
		{FAA62D9F-DD0B-457B-89CB-C65E6CBAA83F}.Debug|x64.ActiveCfg = Debug|Any CPU
		{FAA62D9F-DD0B-457B-89CB-C65E6CBAA83F}.Debug|x64.Build.0 = Debug|Any CPU
		{FAA62D9F-DD0B-457B-89CB-C65E6CBAA83F}.Debug|x86.ActiveCfg = Debug|Any CPU
		{FAA62D9F-DD0B-457B-89CB-C65E6CBAA83F}.Debug|x86.Build.0 = Debug|Any CPU
		{FAA62D9F-DD0B-457B-89CB-C65E6CBAA83F}.Release|Any CPU.ActiveCfg = Release|Any CPU
		{FAA62D9F-DD0B-457B-89CB-C65E6CBAA83F}.Release|Any CPU.Build.0 = Release|Any CPU
		{FAA62D9F-DD0B-457B-89CB-C65E6CBAA83F}.Release|x64.ActiveCfg = Release|Any CPU
		{FAA62D9F-DD0B-457B-89CB-C65E6CBAA83F}.Release|x64.Build.0 = Release|Any CPU
		{FAA62D9F-DD0B-457B-89CB-C65E6CBAA83F}.Release|x86.ActiveCfg = Release|Any CPU
		{FAA62D9F-DD0B-457B-89CB-C65E6CBAA83F}.Release|x86.Build.0 = Release|Any CPU
		{DB341036-1919-4305-A8D1-0BFC4FDB945C}.Debug|Any CPU.ActiveCfg = Debug|Any CPU
		{DB341036-1919-4305-A8D1-0BFC4FDB945C}.Debug|Any CPU.Build.0 = Debug|Any CPU
		{DB341036-1919-4305-A8D1-0BFC4FDB945C}.Debug|x64.ActiveCfg = Debug|Any CPU
		{DB341036-1919-4305-A8D1-0BFC4FDB945C}.Debug|x64.Build.0 = Debug|Any CPU
		{DB341036-1919-4305-A8D1-0BFC4FDB945C}.Debug|x86.ActiveCfg = Debug|Any CPU
		{DB341036-1919-4305-A8D1-0BFC4FDB945C}.Debug|x86.Build.0 = Debug|Any CPU
		{DB341036-1919-4305-A8D1-0BFC4FDB945C}.Release|Any CPU.ActiveCfg = Release|Any CPU
		{DB341036-1919-4305-A8D1-0BFC4FDB945C}.Release|Any CPU.Build.0 = Release|Any CPU
		{DB341036-1919-4305-A8D1-0BFC4FDB945C}.Release|x64.ActiveCfg = Release|Any CPU
		{DB341036-1919-4305-A8D1-0BFC4FDB945C}.Release|x64.Build.0 = Release|Any CPU
		{DB341036-1919-4305-A8D1-0BFC4FDB945C}.Release|x86.ActiveCfg = Release|Any CPU
		{DB341036-1919-4305-A8D1-0BFC4FDB945C}.Release|x86.Build.0 = Release|Any CPU
	EndGlobalSection
	GlobalSection(SolutionProperties) = preSolution
		HideSolutionNode = FALSE
	EndGlobalSection
	GlobalSection(NestedProjects) = preSolution
		{EE81C6FF-29A5-450B-9DB2-710AE1E84CB2} = {4A0CCF76-3BFE-E486-4EB1-0415D00EB564}
		{DB341036-1919-4305-A8D1-0BFC4FDB945C} = {DA053773-4718-BBFE-4AB7-9E4FCE55BF84}
	EndGlobalSection
EndGlobal
