
Microsoft Visual Studio Solution File, Format Version 12.00
# Visual Studio Version 17
VisualStudioVersion = 17.0.31903.59
MinimumVisualStudioVersion = 10.0.40219.1
Project("{FAE04EC0-301F-11D3-BF4B-00C04F79EFBC}") = "HPD-Agent", "HPD-Agent\HPD-Agent.csproj", "{028CF679-8342-45E5-A8D4-CF864D45F306}"
EndProject
Project("{FAE04EC0-301F-11D3-BF4B-00C04F79EFBC}") = "HPD-Agent.SourceGenerator", "HPD-Agent.SourceGenerator\HPD-Agent.SourceGenerator.csproj", "{9FCFCF82-797E-4BD0-A51A-F2E8F68B7636}"
EndProject
Project("{FAE04EC0-301F-11D3-BF4B-00C04F79EFBC}") = "HPD-Agent.TextExtraction", "HPD-Agent.TextExtraction\HPD-Agent.TextExtraction.csproj", "{FAA62D9F-DD0B-457B-89CB-C65E6CBAA83F}"
EndProject
Project("{FAE04EC0-301F-11D3-BF4B-00C04F79EFBC}") = "HPD-Agent.MCP", "HPD-Agent.MCP\HPD-Agent.MCP.csproj", "{A1B2C3D4-E5F6-4A7B-8C9D-0E1F2A3B4C5D}"
EndProject
Project("{2150E333-8FDC-42A3-9474-1A3956D46DE8}") = "HPD-Agent.Plugins", "HPD-Agent.Plugins", "{DA053773-4718-BBFE-4AB7-9E4FCE55BF84}"
EndProject
Project("{FAE04EC0-301F-11D3-BF4B-00C04F79EFBC}") = "HPD-Agent.Plugins.FileSystem", "HPD-Agent.Plugins\HPD-Agent.Plugins.FileSystem\HPD-Agent.Plugins.FileSystem.csproj", "{DB341036-1919-4305-A8D1-0BFC4FDB945C}"
EndProject
Project("{2150E333-8FDC-42A3-9474-1A3956D46DE8}") = "HPD-Agent.Providers", "HPD-Agent.Providers", "{8BC2D7F8-375B-160C-ABF4-2068149162CA}"
EndProject
Project("{FAE04EC0-301F-11D3-BF4B-00C04F79EFBC}") = "HPD-Agent.Providers.OpenAI", "HPD-Agent.Providers\HPD-Agent.Providers.OpenAI\HPD-Agent.Providers.OpenAI.csproj", "{3DF8747C-22F6-435D-8058-9F8DD9B3C167}"
EndProject
Project("{FAE04EC0-301F-11D3-BF4B-00C04F79EFBC}") = "HPD-Agent.Providers.Anthropic", "HPD-Agent.Providers\HPD-Agent.Providers.Anthropic\HPD-Agent.Providers.Anthropic.csproj", "{C57CF287-73E3-4ECE-AB3B-0138CCD2ADE1}"
EndProject
Project("{FAE04EC0-301F-11D3-BF4B-00C04F79EFBC}") = "HPD-Agent.Providers.Ollama", "HPD-Agent.Providers\HPD-Agent.Providers.Ollama\HPD-Agent.Providers.Ollama.csproj", "{C5E0DA50-1FA1-4D1E-A5AA-C042E553B21C}"
EndProject
Project("{FAE04EC0-301F-11D3-BF4B-00C04F79EFBC}") = "HPD-Agent.Providers.GoogleAI", "HPD-Agent.Providers\HPD-Agent.Providers.GoogleAI\HPD-Agent.Providers.GoogleAI.csproj", "{5DCA40A0-B7E8-4B38-8308-B91A4D294E07}"
EndProject
Project("{FAE04EC0-301F-11D3-BF4B-00C04F79EFBC}") = "HPD-Agent.Providers.Mistral", "HPD-Agent.Providers\HPD-Agent.Providers.Mistral\HPD-Agent.Providers.Mistral.csproj", "{7A08A2F6-6C2B-4769-8261-30ABF64B863F}"
EndProject
Project("{FAE04EC0-301F-11D3-BF4B-00C04F79EFBC}") = "HPD-Agent.Providers.HuggingFace", "HPD-Agent.Providers\HPD-Agent.Providers.HuggingFace\HPD-Agent.Providers.HuggingFace.csproj", "{B39363CF-D250-4E4E-A0CB-C20EDEBBCFCB}"
EndProject
Project("{FAE04EC0-301F-11D3-BF4B-00C04F79EFBC}") = "HPD-Agent.Providers.Bedrock", "HPD-Agent.Providers\HPD-Agent.Providers.Bedrock\HPD-Agent.Providers.Bedrock.csproj", "{0F240660-192B-4A37-810D-96EC62F06289}"
EndProject
Project("{FAE04EC0-301F-11D3-BF4B-00C04F79EFBC}") = "HPD-Agent.Providers.AzureAIInference", "HPD-Agent.Providers\HPD-Agent.Providers.AzureAIInference\HPD-Agent.Providers.AzureAIInference.csproj", "{31861751-0EBA-4A01-96E8-9B9D598DD5E1}"
EndProject
Project("{FAE04EC0-301F-11D3-BF4B-00C04F79EFBC}") = "HPD-Agent.Providers.OnnxRuntime", "HPD-Agent.Providers\HPD-Agent.Providers.OnnxRuntime\HPD-Agent.Providers.OnnxRuntime.csproj", "{7A682B30-C481-4E7B-AB11-9E3C16334C9C}"
EndProject
Project("{FAE04EC0-301F-11D3-BF4B-00C04F79EFBC}") = "HPD-Agent.Providers.OpenRouter", "HPD-Agent.Providers\HPD-Agent.Providers.OpenRouter\HPD-Agent.Providers.OpenRouter.csproj", "{C0A57D6F-3CD6-4C07-8D91-A08F01991591}"
EndProject
Project("{FAE04EC0-301F-11D3-BF4B-00C04F79EFBC}") = "HPD-Agent.FFI", "HPD-Agent.FFI\HPD-Agent.FFI.csproj", "{53761518-393B-44DB-8340-3D07E2D9698D}"
EndProject
Project("{FAE04EC0-301F-11D3-BF4B-00C04F79EFBC}") = "HPD-Agent.A2A", "HPD-Agent.A2A\HPD-Agent.A2A.csproj", "{F7A3C6E1-4B5D-47E2-8F1A-9C2D3E4F5A6B}"
EndProject
Project("{FAE04EC0-301F-11D3-BF4B-00C04F79EFBC}") = "HPD-Agent.AGUI", "HPD-Agent.AGUI\HPD-Agent.AGUI.csproj", "{E8B4D7F2-5C6E-48F3-9G2A-0D3E4F5A6B7C}"
EndProject
Global
	GlobalSection(SolutionConfigurationPlatforms) = preSolution
		Debug|Any CPU = Debug|Any CPU
		Debug|x64 = Debug|x64
		Debug|x86 = Debug|x86
		Release|Any CPU = Release|Any CPU
		Release|x64 = Release|x64
		Release|x86 = Release|x86
	EndGlobalSection
	GlobalSection(ProjectConfigurationPlatforms) = postSolution
		{028CF679-8342-45E5-A8D4-CF864D45F306}.Debug|Any CPU.ActiveCfg = Debug|Any CPU
		{028CF679-8342-45E5-A8D4-CF864D45F306}.Debug|Any CPU.Build.0 = Debug|Any CPU
		{028CF679-8342-45E5-A8D4-CF864D45F306}.Debug|x64.ActiveCfg = Debug|Any CPU
		{028CF679-8342-45E5-A8D4-CF864D45F306}.Debug|x64.Build.0 = Debug|Any CPU
		{028CF679-8342-45E5-A8D4-CF864D45F306}.Debug|x86.ActiveCfg = Debug|Any CPU
		{028CF679-8342-45E5-A8D4-CF864D45F306}.Debug|x86.Build.0 = Debug|Any CPU
		{028CF679-8342-45E5-A8D4-CF864D45F306}.Release|Any CPU.ActiveCfg = Release|Any CPU
		{028CF679-8342-45E5-A8D4-CF864D45F306}.Release|Any CPU.Build.0 = Release|Any CPU
		{028CF679-8342-45E5-A8D4-CF864D45F306}.Release|x64.ActiveCfg = Release|Any CPU
		{028CF679-8342-45E5-A8D4-CF864D45F306}.Release|x64.Build.0 = Release|Any CPU
		{028CF679-8342-45E5-A8D4-CF864D45F306}.Release|x86.ActiveCfg = Release|Any CPU
		{028CF679-8342-45E5-A8D4-CF864D45F306}.Release|x86.Build.0 = Release|Any CPU
		{EE81C6FF-29A5-450B-9DB2-710AE1E84CB2}.Debug|Any CPU.ActiveCfg = Debug|Any CPU
		{9FCFCF82-797E-4BD0-A51A-F2E8F68B7636}.Debug|Any CPU.Build.0 = Debug|Any CPU
		{9FCFCF82-797E-4BD0-A51A-F2E8F68B7636}.Debug|x64.ActiveCfg = Debug|Any CPU
		{9FCFCF82-797E-4BD0-A51A-F2E8F68B7636}.Debug|x64.Build.0 = Debug|Any CPU
		{9FCFCF82-797E-4BD0-A51A-F2E8F68B7636}.Debug|x86.ActiveCfg = Debug|Any CPU
		{9FCFCF82-797E-4BD0-A51A-F2E8F68B7636}.Debug|x86.Build.0 = Debug|Any CPU
		{9FCFCF82-797E-4BD0-A51A-F2E8F68B7636}.Release|Any CPU.ActiveCfg = Release|Any CPU
		{9FCFCF82-797E-4BD0-A51A-F2E8F68B7636}.Release|Any CPU.Build.0 = Release|Any CPU
		{9FCFCF82-797E-4BD0-A51A-F2E8F68B7636}.Release|x64.ActiveCfg = Release|Any CPU
		{9FCFCF82-797E-4BD0-A51A-F2E8F68B7636}.Release|x64.Build.0 = Release|Any CPU
		{9FCFCF82-797E-4BD0-A51A-F2E8F68B7636}.Release|x86.ActiveCfg = Release|Any CPU
		{9FCFCF82-797E-4BD0-A51A-F2E8F68B7636}.Release|x86.Build.0 = Release|Any CPU
		{FAA62D9F-DD0B-457B-89CB-C65E6CBAA83F}.Debug|Any CPU.ActiveCfg = Debug|Any CPU
		{FAA62D9F-DD0B-457B-89CB-C65E6CBAA83F}.Debug|Any CPU.Build.0 = Debug|Any CPU
		{FAA62D9F-DD0B-457B-89CB-C65E6CBAA83F}.Debug|x64.ActiveCfg = Debug|Any CPU
		{FAA62D9F-DD0B-457B-89CB-C65E6CBAA83F}.Debug|x64.Build.0 = Debug|Any CPU
		{FAA62D9F-DD0B-457B-89CB-C65E6CBAA83F}.Debug|x86.ActiveCfg = Debug|Any CPU
		{FAA62D9F-DD0B-457B-89CB-C65E6CBAA83F}.Debug|x86.Build.0 = Debug|Any CPU
		{FAA62D9F-DD0B-457B-89CB-C65E6CBAA83F}.Release|Any CPU.ActiveCfg = Release|Any CPU
		{FAA62D9F-DD0B-457B-89CB-C65E6CBAA83F}.Release|Any CPU.Build.0 = Release|Any CPU
		{FAA62D9F-DD0B-457B-89CB-C65E6CBAA83F}.Release|x64.ActiveCfg = Release|Any CPU
		{FAA62D9F-DD0B-457B-89CB-C65E6CBAA83F}.Release|x64.Build.0 = Release|Any CPU
		{FAA62D9F-DD0B-457B-89CB-C65E6CBAA83F}.Release|x86.ActiveCfg = Release|Any CPU
		{FAA62D9F-DD0B-457B-89CB-C65E6CBAA83F}.Release|x86.Build.0 = Release|Any CPU
		{A1B2C3D4-E5F6-4A7B-8C9D-0E1F2A3B4C5D}.Debug|Any CPU.ActiveCfg = Debug|Any CPU
		{A1B2C3D4-E5F6-4A7B-8C9D-0E1F2A3B4C5D}.Debug|Any CPU.Build.0 = Debug|Any CPU
		{A1B2C3D4-E5F6-4A7B-8C9D-0E1F2A3B4C5D}.Debug|x64.ActiveCfg = Debug|Any CPU
		{A1B2C3D4-E5F6-4A7B-8C9D-0E1F2A3B4C5D}.Debug|x64.Build.0 = Debug|Any CPU
		{A1B2C3D4-E5F6-4A7B-8C9D-0E1F2A3B4C5D}.Debug|x86.ActiveCfg = Debug|Any CPU
		{A1B2C3D4-E5F6-4A7B-8C9D-0E1F2A3B4C5D}.Debug|x86.Build.0 = Debug|Any CPU
		{A1B2C3D4-E5F6-4A7B-8C9D-0E1F2A3B4C5D}.Release|Any CPU.ActiveCfg = Release|Any CPU
		{A1B2C3D4-E5F6-4A7B-8C9D-0E1F2A3B4C5D}.Release|Any CPU.Build.0 = Release|Any CPU
		{A1B2C3D4-E5F6-4A7B-8C9D-0E1F2A3B4C5D}.Release|x64.ActiveCfg = Release|Any CPU
		{A1B2C3D4-E5F6-4A7B-8C9D-0E1F2A3B4C5D}.Release|x64.Build.0 = Release|Any CPU
		{A1B2C3D4-E5F6-4A7B-8C9D-0E1F2A3B4C5D}.Release|x86.ActiveCfg = Release|Any CPU
		{A1B2C3D4-E5F6-4A7B-8C9D-0E1F2A3B4C5D}.Release|x86.Build.0 = Release|Any CPU
		{DB341036-1919-4305-A8D1-0BFC4FDB945C}.Debug|Any CPU.ActiveCfg = Debug|Any CPU
		{DB341036-1919-4305-A8D1-0BFC4FDB945C}.Debug|Any CPU.Build.0 = Debug|Any CPU
		{DB341036-1919-4305-A8D1-0BFC4FDB945C}.Debug|x64.ActiveCfg = Debug|Any CPU
		{DB341036-1919-4305-A8D1-0BFC4FDB945C}.Debug|x64.Build.0 = Debug|Any CPU
		{DB341036-1919-4305-A8D1-0BFC4FDB945C}.Debug|x86.ActiveCfg = Debug|Any CPU
		{DB341036-1919-4305-A8D1-0BFC4FDB945C}.Debug|x86.Build.0 = Debug|Any CPU
		{DB341036-1919-4305-A8D1-0BFC4FDB945C}.Release|Any CPU.ActiveCfg = Release|Any CPU
		{DB341036-1919-4305-A8D1-0BFC4FDB945C}.Release|Any CPU.Build.0 = Release|Any CPU
		{DB341036-1919-4305-A8D1-0BFC4FDB945C}.Release|x64.ActiveCfg = Release|Any CPU
		{DB341036-1919-4305-A8D1-0BFC4FDB945C}.Release|x64.Build.0 = Release|Any CPU
		{DB341036-1919-4305-A8D1-0BFC4FDB945C}.Release|x86.ActiveCfg = Release|Any CPU
		{DB341036-1919-4305-A8D1-0BFC4FDB945C}.Release|x86.Build.0 = Release|Any CPU
		{3DF8747C-22F6-435D-8058-9F8DD9B3C167}.Debug|Any CPU.ActiveCfg = Debug|Any CPU
		{3DF8747C-22F6-435D-8058-9F8DD9B3C167}.Debug|Any CPU.Build.0 = Debug|Any CPU
		{3DF8747C-22F6-435D-8058-9F8DD9B3C167}.Debug|x64.ActiveCfg = Debug|Any CPU
		{3DF8747C-22F6-435D-8058-9F8DD9B3C167}.Debug|x64.Build.0 = Debug|Any CPU
		{3DF8747C-22F6-435D-8058-9F8DD9B3C167}.Debug|x86.ActiveCfg = Debug|Any CPU
		{3DF8747C-22F6-435D-8058-9F8DD9B3C167}.Debug|x86.Build.0 = Debug|Any CPU
		{3DF8747C-22F6-435D-8058-9F8DD9B3C167}.Release|Any CPU.ActiveCfg = Release|Any CPU
		{3DF8747C-22F6-435D-8058-9F8DD9B3C167}.Release|Any CPU.Build.0 = Release|Any CPU
		{3DF8747C-22F6-435D-8058-9F8DD9B3C167}.Release|x64.ActiveCfg = Release|Any CPU
		{3DF8747C-22F6-435D-8058-9F8DD9B3C167}.Release|x64.Build.0 = Release|Any CPU
		{3DF8747C-22F6-435D-8058-9F8DD9B3C167}.Release|x86.ActiveCfg = Release|Any CPU
		{3DF8747C-22F6-435D-8058-9F8DD9B3C167}.Release|x86.Build.0 = Release|Any CPU
		{C57CF287-73E3-4ECE-AB3B-0138CCD2ADE1}.Debug|Any CPU.ActiveCfg = Debug|Any CPU
		{C57CF287-73E3-4ECE-AB3B-0138CCD2ADE1}.Debug|Any CPU.Build.0 = Debug|Any CPU
		{C57CF287-73E3-4ECE-AB3B-0138CCD2ADE1}.Debug|x64.ActiveCfg = Debug|Any CPU
		{C57CF287-73E3-4ECE-AB3B-0138CCD2ADE1}.Debug|x64.Build.0 = Debug|Any CPU
		{C57CF287-73E3-4ECE-AB3B-0138CCD2ADE1}.Debug|x86.ActiveCfg = Debug|Any CPU
		{C57CF287-73E3-4ECE-AB3B-0138CCD2ADE1}.Debug|x86.Build.0 = Debug|Any CPU
		{C57CF287-73E3-4ECE-AB3B-0138CCD2ADE1}.Release|Any CPU.ActiveCfg = Release|Any CPU
		{C57CF287-73E3-4ECE-AB3B-0138CCD2ADE1}.Release|Any CPU.Build.0 = Release|Any CPU
		{C57CF287-73E3-4ECE-AB3B-0138CCD2ADE1}.Release|x64.ActiveCfg = Release|Any CPU
		{C57CF287-73E3-4ECE-AB3B-0138CCD2ADE1}.Release|x64.Build.0 = Release|Any CPU
		{C57CF287-73E3-4ECE-AB3B-0138CCD2ADE1}.Release|x86.ActiveCfg = Release|Any CPU
		{C57CF287-73E3-4ECE-AB3B-0138CCD2ADE1}.Release|x86.Build.0 = Release|Any CPU
		{C5E0DA50-1FA1-4D1E-A5AA-C042E553B21C}.Debug|Any CPU.ActiveCfg = Debug|Any CPU
		{C5E0DA50-1FA1-4D1E-A5AA-C042E553B21C}.Debug|Any CPU.Build.0 = Debug|Any CPU
		{C5E0DA50-1FA1-4D1E-A5AA-C042E553B21C}.Debug|x64.ActiveCfg = Debug|Any CPU
		{C5E0DA50-1FA1-4D1E-A5AA-C042E553B21C}.Debug|x64.Build.0 = Debug|Any CPU
		{C5E0DA50-1FA1-4D1E-A5AA-C042E553B21C}.Debug|x86.ActiveCfg = Debug|Any CPU
		{C5E0DA50-1FA1-4D1E-A5AA-C042E553B21C}.Debug|x86.Build.0 = Debug|Any CPU
		{C5E0DA50-1FA1-4D1E-A5AA-C042E553B21C}.Release|Any CPU.ActiveCfg = Release|Any CPU
		{C5E0DA50-1FA1-4D1E-A5AA-C042E553B21C}.Release|Any CPU.Build.0 = Release|Any CPU
		{C5E0DA50-1FA1-4D1E-A5AA-C042E553B21C}.Release|x64.ActiveCfg = Release|Any CPU
		{C5E0DA50-1FA1-4D1E-A5AA-C042E553B21C}.Release|x64.Build.0 = Release|Any CPU
		{C5E0DA50-1FA1-4D1E-A5AA-C042E553B21C}.Release|x86.ActiveCfg = Release|Any CPU
		{C5E0DA50-1FA1-4D1E-A5AA-C042E553B21C}.Release|x86.Build.0 = Release|Any CPU
		{5DCA40A0-B7E8-4B38-8308-B91A4D294E07}.Debug|Any CPU.ActiveCfg = Debug|Any CPU
		{5DCA40A0-B7E8-4B38-8308-B91A4D294E07}.Debug|Any CPU.Build.0 = Debug|Any CPU
		{5DCA40A0-B7E8-4B38-8308-B91A4D294E07}.Debug|x64.ActiveCfg = Debug|Any CPU
		{5DCA40A0-B7E8-4B38-8308-B91A4D294E07}.Debug|x64.Build.0 = Debug|Any CPU
		{5DCA40A0-B7E8-4B38-8308-B91A4D294E07}.Debug|x86.ActiveCfg = Debug|Any CPU
		{5DCA40A0-B7E8-4B38-8308-B91A4D294E07}.Debug|x86.Build.0 = Debug|Any CPU
		{5DCA40A0-B7E8-4B38-8308-B91A4D294E07}.Release|Any CPU.ActiveCfg = Release|Any CPU
		{5DCA40A0-B7E8-4B38-8308-B91A4D294E07}.Release|Any CPU.Build.0 = Release|Any CPU
		{5DCA40A0-B7E8-4B38-8308-B91A4D294E07}.Release|x64.ActiveCfg = Release|Any CPU
		{5DCA40A0-B7E8-4B38-8308-B91A4D294E07}.Release|x64.Build.0 = Release|Any CPU
		{5DCA40A0-B7E8-4B38-8308-B91A4D294E07}.Release|x86.ActiveCfg = Release|Any CPU
		{5DCA40A0-B7E8-4B38-8308-B91A4D294E07}.Release|x86.Build.0 = Release|Any CPU
		{7A08A2F6-6C2B-4769-8261-30ABF64B863F}.Debug|Any CPU.ActiveCfg = Debug|Any CPU
		{7A08A2F6-6C2B-4769-8261-30ABF64B863F}.Debug|Any CPU.Build.0 = Debug|Any CPU
		{7A08A2F6-6C2B-4769-8261-30ABF64B863F}.Debug|x64.ActiveCfg = Debug|Any CPU
		{7A08A2F6-6C2B-4769-8261-30ABF64B863F}.Debug|x64.Build.0 = Debug|Any CPU
		{7A08A2F6-6C2B-4769-8261-30ABF64B863F}.Debug|x86.ActiveCfg = Debug|Any CPU
		{7A08A2F6-6C2B-4769-8261-30ABF64B863F}.Debug|x86.Build.0 = Debug|Any CPU
		{7A08A2F6-6C2B-4769-8261-30ABF64B863F}.Release|Any CPU.ActiveCfg = Release|Any CPU
		{7A08A2F6-6C2B-4769-8261-30ABF64B863F}.Release|Any CPU.Build.0 = Release|Any CPU
		{7A08A2F6-6C2B-4769-8261-30ABF64B863F}.Release|x64.ActiveCfg = Release|Any CPU
		{7A08A2F6-6C2B-4769-8261-30ABF64B863F}.Release|x64.Build.0 = Release|Any CPU
		{7A08A2F6-6C2B-4769-8261-30ABF64B863F}.Release|x86.ActiveCfg = Release|Any CPU
		{7A08A2F6-6C2B-4769-8261-30ABF64B863F}.Release|x86.Build.0 = Release|Any CPU
		{B39363CF-D250-4E4E-A0CB-C20EDEBBCFCB}.Debug|Any CPU.ActiveCfg = Debug|Any CPU
		{B39363CF-D250-4E4E-A0CB-C20EDEBBCFCB}.Debug|Any CPU.Build.0 = Debug|Any CPU
		{B39363CF-D250-4E4E-A0CB-C20EDEBBCFCB}.Debug|x64.ActiveCfg = Debug|Any CPU
		{B39363CF-D250-4E4E-A0CB-C20EDEBBCFCB}.Debug|x64.Build.0 = Debug|Any CPU
		{B39363CF-D250-4E4E-A0CB-C20EDEBBCFCB}.Debug|x86.ActiveCfg = Debug|Any CPU
		{B39363CF-D250-4E4E-A0CB-C20EDEBBCFCB}.Debug|x86.Build.0 = Debug|Any CPU
		{B39363CF-D250-4E4E-A0CB-C20EDEBBCFCB}.Release|Any CPU.ActiveCfg = Release|Any CPU
		{B39363CF-D250-4E4E-A0CB-C20EDEBBCFCB}.Release|Any CPU.Build.0 = Release|Any CPU
		{B39363CF-D250-4E4E-A0CB-C20EDEBBCFCB}.Release|x64.ActiveCfg = Release|Any CPU
		{B39363CF-D250-4E4E-A0CB-C20EDEBBCFCB}.Release|x64.Build.0 = Release|Any CPU
		{B39363CF-D250-4E4E-A0CB-C20EDEBBCFCB}.Release|x86.ActiveCfg = Release|Any CPU
		{B39363CF-D250-4E4E-A0CB-C20EDEBBCFCB}.Release|x86.Build.0 = Release|Any CPU
		{0F240660-192B-4A37-810D-96EC62F06289}.Debug|Any CPU.ActiveCfg = Debug|Any CPU
		{0F240660-192B-4A37-810D-96EC62F06289}.Debug|Any CPU.Build.0 = Debug|Any CPU
		{0F240660-192B-4A37-810D-96EC62F06289}.Debug|x64.ActiveCfg = Debug|Any CPU
		{0F240660-192B-4A37-810D-96EC62F06289}.Debug|x64.Build.0 = Debug|Any CPU
		{0F240660-192B-4A37-810D-96EC62F06289}.Debug|x86.ActiveCfg = Debug|Any CPU
		{0F240660-192B-4A37-810D-96EC62F06289}.Debug|x86.Build.0 = Debug|Any CPU
		{0F240660-192B-4A37-810D-96EC62F06289}.Release|Any CPU.ActiveCfg = Release|Any CPU
		{0F240660-192B-4A37-810D-96EC62F06289}.Release|Any CPU.Build.0 = Release|Any CPU
		{0F240660-192B-4A37-810D-96EC62F06289}.Release|x64.ActiveCfg = Release|Any CPU
		{0F240660-192B-4A37-810D-96EC62F06289}.Release|x64.Build.0 = Release|Any CPU
		{0F240660-192B-4A37-810D-96EC62F06289}.Release|x86.ActiveCfg = Release|Any CPU
		{0F240660-192B-4A37-810D-96EC62F06289}.Release|x86.Build.0 = Release|Any CPU
		{31861751-0EBA-4A01-96E8-9B9D598DD5E1}.Debug|Any CPU.ActiveCfg = Debug|Any CPU
		{31861751-0EBA-4A01-96E8-9B9D598DD5E1}.Debug|Any CPU.Build.0 = Debug|Any CPU
		{31861751-0EBA-4A01-96E8-9B9D598DD5E1}.Debug|x64.ActiveCfg = Debug|Any CPU
		{31861751-0EBA-4A01-96E8-9B9D598DD5E1}.Debug|x64.Build.0 = Debug|Any CPU
		{31861751-0EBA-4A01-96E8-9B9D598DD5E1}.Debug|x86.ActiveCfg = Debug|Any CPU
		{31861751-0EBA-4A01-96E8-9B9D598DD5E1}.Debug|x86.Build.0 = Debug|Any CPU
		{31861751-0EBA-4A01-96E8-9B9D598DD5E1}.Release|Any CPU.ActiveCfg = Release|Any CPU
		{31861751-0EBA-4A01-96E8-9B9D598DD5E1}.Release|Any CPU.Build.0 = Release|Any CPU
		{31861751-0EBA-4A01-96E8-9B9D598DD5E1}.Release|x64.ActiveCfg = Release|Any CPU
		{31861751-0EBA-4A01-96E8-9B9D598DD5E1}.Release|x64.Build.0 = Release|Any CPU
		{31861751-0EBA-4A01-96E8-9B9D598DD5E1}.Release|x86.ActiveCfg = Release|Any CPU
		{31861751-0EBA-4A01-96E8-9B9D598DD5E1}.Release|x86.Build.0 = Release|Any CPU
		{7A682B30-C481-4E7B-AB11-9E3C16334C9C}.Debug|Any CPU.ActiveCfg = Debug|Any CPU
		{7A682B30-C481-4E7B-AB11-9E3C16334C9C}.Debug|Any CPU.Build.0 = Debug|Any CPU
		{7A682B30-C481-4E7B-AB11-9E3C16334C9C}.Debug|x64.ActiveCfg = Debug|Any CPU
		{7A682B30-C481-4E7B-AB11-9E3C16334C9C}.Debug|x64.Build.0 = Debug|Any CPU
		{7A682B30-C481-4E7B-AB11-9E3C16334C9C}.Debug|x86.ActiveCfg = Debug|Any CPU
		{7A682B30-C481-4E7B-AB11-9E3C16334C9C}.Debug|x86.Build.0 = Debug|Any CPU
		{7A682B30-C481-4E7B-AB11-9E3C16334C9C}.Release|Any CPU.ActiveCfg = Release|Any CPU
		{7A682B30-C481-4E7B-AB11-9E3C16334C9C}.Release|Any CPU.Build.0 = Release|Any CPU
		{7A682B30-C481-4E7B-AB11-9E3C16334C9C}.Release|x64.ActiveCfg = Release|Any CPU
		{7A682B30-C481-4E7B-AB11-9E3C16334C9C}.Release|x64.Build.0 = Release|Any CPU
		{7A682B30-C481-4E7B-AB11-9E3C16334C9C}.Release|x86.ActiveCfg = Release|Any CPU
		{7A682B30-C481-4E7B-AB11-9E3C16334C9C}.Release|x86.Build.0 = Release|Any CPU
		{C0A57D6F-3CD6-4C07-8D91-A08F01991591}.Debug|Any CPU.ActiveCfg = Debug|Any CPU
		{C0A57D6F-3CD6-4C07-8D91-A08F01991591}.Debug|Any CPU.Build.0 = Debug|Any CPU
		{C0A57D6F-3CD6-4C07-8D91-A08F01991591}.Debug|x64.ActiveCfg = Debug|Any CPU
		{C0A57D6F-3CD6-4C07-8D91-A08F01991591}.Debug|x64.Build.0 = Debug|Any CPU
		{C0A57D6F-3CD6-4C07-8D91-A08F01991591}.Debug|x86.ActiveCfg = Debug|Any CPU
		{C0A57D6F-3CD6-4C07-8D91-A08F01991591}.Debug|x86.Build.0 = Debug|Any CPU
		{C0A57D6F-3CD6-4C07-8D91-A08F01991591}.Release|Any CPU.ActiveCfg = Release|Any CPU
		{C0A57D6F-3CD6-4C07-8D91-A08F01991591}.Release|Any CPU.Build.0 = Release|Any CPU
		{C0A57D6F-3CD6-4C07-8D91-A08F01991591}.Release|x64.ActiveCfg = Release|Any CPU
		{C0A57D6F-3CD6-4C07-8D91-A08F01991591}.Release|x64.Build.0 = Release|Any CPU
		{C0A57D6F-3CD6-4C07-8D91-A08F01991591}.Release|x86.ActiveCfg = Release|Any CPU
		{C0A57D6F-3CD6-4C07-8D91-A08F01991591}.Release|x86.Build.0 = Release|Any CPU
		{53761518-393B-44DB-8340-3D07E2D9698D}.Debug|Any CPU.ActiveCfg = Debug|Any CPU
		{53761518-393B-44DB-8340-3D07E2D9698D}.Debug|Any CPU.Build.0 = Debug|Any CPU
		{53761518-393B-44DB-8340-3D07E2D9698D}.Debug|x64.ActiveCfg = Debug|Any CPU
		{53761518-393B-44DB-8340-3D07E2D9698D}.Debug|x64.Build.0 = Debug|Any CPU
		{53761518-393B-44DB-8340-3D07E2D9698D}.Debug|x86.ActiveCfg = Debug|Any CPU
		{53761518-393B-44DB-8340-3D07E2D9698D}.Debug|x86.Build.0 = Debug|Any CPU
		{53761518-393B-44DB-8340-3D07E2D9698D}.Release|Any CPU.ActiveCfg = Release|Any CPU
		{53761518-393B-44DB-8340-3D07E2D9698D}.Release|Any CPU.Build.0 = Release|Any CPU
		{53761518-393B-44DB-8340-3D07E2D9698D}.Release|x64.ActiveCfg = Release|Any CPU
		{53761518-393B-44DB-8340-3D07E2D9698D}.Release|x64.Build.0 = Release|Any CPU
	{53761518-393B-44DB-8340-3D07E2D9698D}.Release|x86.ActiveCfg = Release|Any CPU
	{53761518-393B-44DB-8340-3D07E2D9698D}.Release|x86.Build.0 = Release|Any CPU
	{F7A3C6E1-4B5D-47E2-8F1A-9C2D3E4F5A6B}.Debug|Any CPU.ActiveCfg = Debug|Any CPU
	{F7A3C6E1-4B5D-47E2-8F1A-9C2D3E4F5A6B}.Debug|Any CPU.Build.0 = Debug|Any CPU
	{F7A3C6E1-4B5D-47E2-8F1A-9C2D3E4F5A6B}.Debug|x64.ActiveCfg = Debug|Any CPU
	{F7A3C6E1-4B5D-47E2-8F1A-9C2D3E4F5A6B}.Debug|x64.Build.0 = Debug|Any CPU
	{F7A3C6E1-4B5D-47E2-8F1A-9C2D3E4F5A6B}.Debug|x86.ActiveCfg = Debug|Any CPU
	{F7A3C6E1-4B5D-47E2-8F1A-9C2D3E4F5A6B}.Debug|x86.Build.0 = Debug|Any CPU
	{F7A3C6E1-4B5D-47E2-8F1A-9C2D3E4F5A6B}.Release|Any CPU.ActiveCfg = Release|Any CPU
	{F7A3C6E1-4B5D-47E2-8F1A-9C2D3E4F5A6B}.Release|Any CPU.Build.0 = Release|Any CPU
	{F7A3C6E1-4B5D-47E2-8F1A-9C2D3E4F5A6B}.Release|x64.ActiveCfg = Release|Any CPU
	{F7A3C6E1-4B5D-47E2-8F1A-9C2D3E4F5A6B}.Release|x64.Build.0 = Release|Any CPU
	{F7A3C6E1-4B5D-47E2-8F1A-9C2D3E4F5A6B}.Release|x86.ActiveCfg = Release|Any CPU
	{F7A3C6E1-4B5D-47E2-8F1A-9C2D3E4F5A6B}.Release|x86.Build.0 = Release|Any CPU
	{E8B4D7F2-5C6E-48F3-9G2A-0D3E4F5A6B7C}.Debug|Any CPU.ActiveCfg = Debug|Any CPU
	{E8B4D7F2-5C6E-48F3-9G2A-0D3E4F5A6B7C}.Debug|Any CPU.Build.0 = Debug|Any CPU
	{E8B4D7F2-5C6E-48F3-9G2A-0D3E4F5A6B7C}.Debug|x64.ActiveCfg = Debug|Any CPU
	{E8B4D7F2-5C6E-48F3-9G2A-0D3E4F5A6B7C}.Debug|x64.Build.0 = Debug|Any CPU
	{E8B4D7F2-5C6E-48F3-9G2A-0D3E4F5A6B7C}.Debug|x86.ActiveCfg = Debug|Any CPU
	{E8B4D7F2-5C6E-48F3-9G2A-0D3E4F5A6B7C}.Debug|x86.Build.0 = Debug|Any CPU
	{E8B4D7F2-5C6E-48F3-9G2A-0D3E4F5A6B7C}.Release|Any CPU.ActiveCfg = Release|Any CPU
	{E8B4D7F2-5C6E-48F3-9G2A-0D3E4F5A6B7C}.Release|Any CPU.Build.0 = Release|Any CPU
	{E8B4D7F2-5C6E-48F3-9G2A-0D3E4F5A6B7C}.Release|x64.ActiveCfg = Release|Any CPU
	{E8B4D7F2-5C6E-48F3-9G2A-0D3E4F5A6B7C}.Release|x64.Build.0 = Release|Any CPU
	{E8B4D7F2-5C6E-48F3-9G2A-0D3E4F5A6B7C}.Release|x86.ActiveCfg = Release|Any CPU
	{E8B4D7F2-5C6E-48F3-9G2A-0D3E4F5A6B7C}.Release|x86.Build.0 = Release|Any CPU
	EndGlobalSection
	GlobalSection(SolutionProperties) = preSolution
		HideSolutionNode = FALSE
	EndGlobalSection
	GlobalSection(NestedProjects) = preSolution
		{DB341036-1919-4305-A8D1-0BFC4FDB945C} = {DA053773-4718-BBFE-4AB7-9E4FCE55BF84}
		{3DF8747C-22F6-435D-8058-9F8DD9B3C167} = {8BC2D7F8-375B-160C-ABF4-2068149162CA}
		{C57CF287-73E3-4ECE-AB3B-0138CCD2ADE1} = {8BC2D7F8-375B-160C-ABF4-2068149162CA}
		{C5E0DA50-1FA1-4D1E-A5AA-C042E553B21C} = {8BC2D7F8-375B-160C-ABF4-2068149162CA}
		{5DCA40A0-B7E8-4B38-8308-B91A4D294E07} = {8BC2D7F8-375B-160C-ABF4-2068149162CA}
		{7A08A2F6-6C2B-4769-8261-30ABF64B863F} = {8BC2D7F8-375B-160C-ABF4-2068149162CA}
		{B39363CF-D250-4E4E-A0CB-C20EDEBBCFCB} = {8BC2D7F8-375B-160C-ABF4-2068149162CA}
		{0F240660-192B-4A37-810D-96EC62F06289} = {8BC2D7F8-375B-160C-ABF4-2068149162CA}
		{31861751-0EBA-4A01-96E8-9B9D598DD5E1} = {8BC2D7F8-375B-160C-ABF4-2068149162CA}
		{7A682B30-C481-4E7B-AB11-9E3C16334C9C} = {8BC2D7F8-375B-160C-ABF4-2068149162CA}
		{C0A57D6F-3CD6-4C07-8D91-A08F01991591} = {8BC2D7F8-375B-160C-ABF4-2068149162CA}
	EndGlobalSection
EndGlobal
